importers:
  .:
    dependencies:
      '@babel/runtime': 7.11.2
      '@teambit/documenter.code.react-playground': 0.0.8_6c71570cf1eaf82f67c470a9cc4d93bc
      '@teambit/documenter.theme.theme-context': 0.0.5_react@16.13.1
      '@teambit/documenter.ui.code-snippet': 0.0.7_react@16.13.1
      '@teambit/documenter.ui.highlighted-text': 0.0.6_react@16.13.1
      '@teambit/documenter.ui.linked-heading': 0.0.6_react@16.13.1
      '@teambit/documenter.ui.list': 0.0.5_react@16.13.1
      '@teambit/documenter.ui.paragraph': 0.0.5_react@16.13.1
      '@teambit/documenter.ui.section': 0.0.5_react@16.13.1
      '@teambit/documenter.ui.separator': 0.0.5_react@16.13.1
      '@testing-library/jest-dom': 5.11.4
      '@testing-library/react': 10.4.8_react-dom@16.13.1+react@16.13.1
      classnames: 2.2.6
      react: 16.13.1
      react-dom: 16.13.1_react@16.13.1
    devDependencies:
      '@types/classnames': 2.2.10
      '@types/jest': 26.0.14
      '@types/react': 16.9.43
      '@types/react-router-dom': 5.1.5
    specifiers:
      '@babel/runtime': ^7.11.2
      '@teambit/documenter.code.react-playground': 0.0.8
      '@teambit/documenter.theme.theme-context': 0.0.5
      '@teambit/documenter.ui.code-snippet': ^0.0.7
      '@teambit/documenter.ui.highlighted-text': 0.0.6
      '@teambit/documenter.ui.linked-heading': 0.0.6
      '@teambit/documenter.ui.list': 0.0.5
      '@teambit/documenter.ui.paragraph': 0.0.5
      '@teambit/documenter.ui.section': 0.0.5
      '@teambit/documenter.ui.separator': 0.0.5
      '@testing-library/jest-dom': ^5.11.4
      '@testing-library/react': 10.4.8
      '@types/classnames': ^2.2.10
      '@types/jest': ~26.0.14
      '@types/react': 16.9.43
      '@types/react-router-dom': ^5.1.5
      classnames: ^2.2.6
      react: ^16.13.1
      react-dom: ^16.13.1
  components/apps/bad-jokes-viewer:
    specifiers: {}
  components/hooks/use-get-jokes:
    specifiers: {}
  components/modules/capitalize:
    specifiers: {}
  components/react/hooks/use-get-jokes:
    specifiers: {}
  components/react/hooks/use-jokes:
    specifiers: {}
  components/react/hooks/use-local-jokes:
    specifiers: {}
  components/react/hooks/use-remote-jokes:
    specifiers: {}
  components/react/pages/bad-jokes-viewer:
    specifiers: {}
  components/react/ui-primitives/app-bar:
    specifiers: {}
  components/react/ui-primitives/button:
    specifiers: {}
  components/react/ui-primitives/container:
    specifiers: {}
  components/react/ui-primitives/label:
    specifiers: {}
  components/react/ui-primitives/tag:
    specifiers: {}
  components/react/ui-primitives/tag-list:
    specifiers: {}
  components/ui/button:
    specifiers: {}
  extensions/harmony-react:
    specifiers: {}
lockfileVersion: 5.1
packages:
  /@babel/runtime-corejs3/7.11.2:
    dependencies:
      core-js-pure: 3.6.5
      regenerator-runtime: 0.13.7
    dev: false
    resolution:
      integrity: sha512-qh5IR+8VgFz83VBa6OkaET6uN/mJOhHONuy3m1sgF0CV6mXdPSEBdA7e1eUbVvyNtANjMbg22JUv71BaDXLY6A==
  /@babel/runtime/7.11.2:
    dependencies:
      regenerator-runtime: 0.13.7
    dev: false
    resolution:
      integrity: sha512-TeWkU52so0mPtDcaCTxNBI/IHiz0pZgr8VEFqXFtZWpYD08ZB6FaSwVAS8MKRQAP3bYKiVjwysOJgMFY28o6Tw==
  /@jest/types/25.5.0:
    dependencies:
      '@types/istanbul-lib-coverage': 2.0.3
      '@types/istanbul-reports': 1.1.2
      '@types/yargs': 15.0.5
      chalk: 3.0.0
    engines:
      node: '>= 8.3'
    resolution:
      integrity: sha512-OXD0RgQ86Tu3MazKo8bnrkDRaDXXMGUqd+kTtLtK1Zb7CRzQcaSRPPPV37SvYTdevXEBVxe0HXylEjs8ibkmCw==
  /@teambit/base-ui.elements.icon/0.2.10_react@16.13.1:
    dependencies:
      classnames: 2.2.6
      react: 16.13.1
    dev: false
    peerDependencies:
      react: ^15.0.0 || ^16.0.0
    resolution:
      integrity: sha512-fPszXo67h6h1Yrz9GU2PA0Me+sb0OzABnq16hCcbSQJSfiovi8XfUAja6dOWIXAeUgCVmMjoWybYkS6j+6xO1Q==
  /@teambit/base-ui.input.error/0.2.10_react@16.13.1:
    dependencies:
      classnames: 2.2.6
      react: 16.13.1
    dev: false
    peerDependencies:
      react: ^15.0.0 || ^16.0.0
    resolution:
      integrity: sha512-KL3MqNaFuGo4tU/XWXTfG0sm0q4C97n0COyC1zx9ktWHAMQKXh8kXOJlKbrLsuMWdmnFxwBSzyqXSlrROyp9jg==
  /@teambit/base-ui.layout.breakpoints/0.2.10_react@16.13.1:
    dependencies:
      react: 16.13.1
    dev: false
    peerDependencies:
      react: ^15.0.0 || ^16.0.0
    resolution:
      integrity: sha512-tqoKW4Vj4xPtc2AD3qXmlQGij0tvZuRKaGhy1v5eVXXooX/Ftoe+s6K8f6H4uuFvALUEzpqjtFGDd+X54d5OfA==
  /@teambit/base-ui.layout.grid-component/0.2.10_react@16.13.1:
    dependencies:
      '@teambit/base-ui.layout.breakpoints': 0.2.10_react@16.13.1
      classnames: 2.2.6
      react: 16.13.1
    dev: false
    peerDependencies:
      react: ^15.0.0 || ^16.0.0
    resolution:
      integrity: sha512-mUgYxT9X3n+FimqTi4F0sUSaS5+y5ZRZk5p/HOzs8Vagd/KUqEUDZBruEUepuouk0BQW8IsrDelw7YWCF9LB8Q==
  /@teambit/base-ui.surfaces.split-pane.fat-splitter/0.2.10_react@16.13.1:
    dependencies:
      '@teambit/base-ui.surfaces.split-pane.splitter': 0.2.10_react@16.13.1
      classnames: 2.2.6
      react: 16.13.1
    dev: false
    peerDependencies:
      react: ^15.0.0 || ^16.0.0
    resolution:
      integrity: sha512-jekwKIW5tXAbDT+K/17Xob7aasJy1YM/FlY94vBIEDX5blGk/Lxd8bxo9yesr8Lo5JrPr2dzX0gIvovoWJR1WQ==
  /@teambit/base-ui.surfaces.split-pane.hover-splitter/0.2.10_react@16.13.1:
    dependencies:
      '@teambit/base-ui.surfaces.split-pane.splitter': 0.2.10_react@16.13.1
      classnames: 2.2.6
      react: 16.13.1
    dev: false
    peerDependencies:
      react: ^15.0.0 || ^16.0.0
    resolution:
      integrity: sha512-NRrNGDcIApojCeYMsdhvy3MHGx+yxAqkgokxkXb3j0HacuAJTSbU6uI7YvFvJuUp80cXg7362odFbC1URIU7Qg==
  /@teambit/base-ui.surfaces.split-pane.layout/0.2.10_react@16.13.1:
    dependencies:
      react: 16.13.1
    dev: false
    peerDependencies:
      react: ^15.0.0 || ^16.0.0
    resolution:
      integrity: sha512-SAyyDhbhKC1mJEw9nC2B2CEHdmQvRhFtyCvoURMaBjs9g0c8kZh/646ZSMJKUIOp56jmYISsPTAFGJlPwWNjsw==
  /@teambit/base-ui.surfaces.split-pane.pane/0.2.10_react@16.13.1:
    dependencies:
      '@teambit/base-ui.surfaces.split-pane.layout': 0.2.10_react@16.13.1
      classnames: 2.2.6
      react: 16.13.1
    dev: false
    peerDependencies:
      react: ^15.0.0 || ^16.0.0
    resolution:
      integrity: sha512-ZKXNw9ALELHhRxjcN6Xz+CGMCc7Q1ISqn4Xb8oBka/FbN9MEZHYvD8O+PGUT1cGBwfFVno1JrQoZ0iL6OhMPTw==
  /@teambit/base-ui.surfaces.split-pane.split-pane/0.2.10_react@16.13.1:
    dependencies:
      '@teambit/base-ui.surfaces.split-pane.fat-splitter': 0.2.10_react@16.13.1
      '@teambit/base-ui.surfaces.split-pane.layout': 0.2.10_react@16.13.1
      '@teambit/base-ui.surfaces.split-pane.pane': 0.2.10_react@16.13.1
      '@teambit/base-ui.surfaces.split-pane.splitter': 0.2.10_react@16.13.1
      classnames: 2.2.6
      react: 16.13.1
    dev: false
    peerDependencies:
      react: ^15.0.0 || ^16.0.0
    resolution:
      integrity: sha512-4r8JYPFmGnwvWlx2BNRY/USnBlCXMK3VVOptOXjNOhgG4n3j32HJoROMe1g+9ag4TM6TfNSIhDnfvqs/3hlQog==
  /@teambit/base-ui.surfaces.split-pane.splitter/0.2.10_react@16.13.1:
    dependencies:
      classnames: 2.2.6
      react: 16.13.1
    dev: false
    peerDependencies:
      react: ^15.0.0 || ^16.0.0
    resolution:
      integrity: sha512-8t9cXCCOm2a60LfrcyMwe8c0j+bJfYku+rdAtjr9+bPxbR3CAToQbiJ3Vbc7jTwPpyvjOdjTVAo7e5UG1fizkQ==
  /@teambit/base-ui.text.heading/0.2.10_react@16.13.1:
    dependencies:
      react: 16.13.1
    dev: false
    peerDependencies:
      react: ^15.0.0 || ^16.0.0
    resolution:
      integrity: sha512-o5p5c8PJzadc+xfNUYx/DWyAWZ2xvxv+7qWaU3BdsvomiOpLmQa1zVCJ0HGWx2h6Uysvdv9eCZIaaJuI2Hd79w==
  /@teambit/base-ui.text.paragraph/0.2.10_react@16.13.1:
    dependencies:
      '@teambit/base-ui.theme.sizes': 0.2.10_react@16.13.1
      classnames: 2.2.6
      react: 16.13.1
    dev: false
    peerDependencies:
      react: ^15.0.0 || ^16.0.0
    resolution:
      integrity: sha512-07dR4cK85tDDBRG7g7K8DdnRARBt8t7A6jBCOc2qF3MuBfE6XQ0wzWKLCnjhKGIY/e6TCME/K/JsLJoYtyWjNQ==
  /@teambit/base-ui.theme.brand-definition/0.2.10_react@16.13.1:
    dependencies:
      '@teambit/base-ui.theme.colors': 0.2.10_react@16.13.1
      react: 16.13.1
    dev: false
    peerDependencies:
      react: ^15.0.0 || ^16.0.0
    resolution:
      integrity: sha512-cx70oauQC5ABa6OKzXpyKli8U71d7aAgfVNLuJPlmvJWHuQ9wni1pR3IdukmC5D3w1MnaYqHssSfXlFc6ChENQ==
  /@teambit/base-ui.theme.color-definition/0.2.10_react@16.13.1:
    dependencies:
      '@teambit/base-ui.theme.colors': 0.2.10_react@16.13.1
      react: 16.13.1
    dev: false
    peerDependencies:
      react: ^15.0.0 || ^16.0.0
    resolution:
      integrity: sha512-DoOxwycy8p11tw6kbX8UQBZziGm3iTnLDgUzpRn0IuKiE5fU0UxgJAKnbXCBfaygzQ6VrjeevqY3bK1VWo/zdw==
  /@teambit/base-ui.theme.colors/0.2.10_react@16.13.1:
    dependencies:
      react: 16.13.1
    dev: false
    peerDependencies:
      react: ^15.0.0 || ^16.0.0
    resolution:
      integrity: sha512-BBz12Zn6XI7MeUNGm0mV41IWb/xnXstnmqg6QNMZkQjn+xicmkcYps/dYN31aA+DRWzoUYw1I4BaVQS5EavPfw==
  /@teambit/base-ui.theme.fonts.book/0.2.10_react@16.13.1:
    dependencies:
      react: 16.13.1
    dev: false
    peerDependencies:
      react: ^15.0.0 || ^16.0.0
    resolution:
      integrity: sha512-CGfS8Ogpmgzp4pn3Dc7akGsrh+jNAMMSHtpbgF3vMyw5D7y9rqcVtA+mvZ3ALu20AqeT70sT7D+6Bh4VXuopNw==
  /@teambit/base-ui.theme.heading-margin-definition/0.2.10_react@16.13.1:
    dependencies:
      react: 16.13.1
    dev: false
    peerDependencies:
      react: ^15.0.0 || ^16.0.0
    resolution:
      integrity: sha512-lL9zjlFqXdQGViiTI01jxGv1vDvwgCibYnfW7OMMkYy2/tIdizrcEu8JOZckvaJm+OkP0W78v+pnbxVmlfbplg==
  /@teambit/base-ui.theme.shadow-definition/0.2.10_react@16.13.1:
    dependencies:
      react: 16.13.1
    dev: false
    peerDependencies:
      react: ^15.0.0 || ^16.0.0
    resolution:
      integrity: sha512-lr4199IKASTJKIgOb+sUtVmqcMB/yJgdMsR2d7WhhCHysuqOUj2t11dJOYKczVxq9UIIVqSh8rqFMtbPmlK9qg==
  /@teambit/base-ui.theme.size-definition/0.2.10_react@16.13.1:
    dependencies:
      react: 16.13.1
    dev: false
    peerDependencies:
      react: ^15.0.0 || ^16.0.0
    resolution:
      integrity: sha512-GcE23aq664HOMC8t4yuK+9qL7dKOyQJsMTqdXHZbypo0kh4X3dwDlxGo5UO0WVlAGZGVF0QWezmh8xvqOrDl/g==
  /@teambit/base-ui.theme.sizes/0.2.10_react@16.13.1:
    dependencies:
      react: 16.13.1
    dev: false
    peerDependencies:
      react: ^15.0.0 || ^16.0.0
    resolution:
      integrity: sha512-nrHy9oLAxVWCFajatsx7iYOQvtioo9/Iglj3R22QS6qrFLhVaO00OVxBSYZYAFxah/ChX9bGMjic/J2kZWCpyA==
  /@teambit/base-ui.theme.theme-provider/0.2.10_react@16.13.1:
    dependencies:
      '@teambit/base-ui.theme.brand-definition': 0.2.10_react@16.13.1
      '@teambit/base-ui.theme.color-definition': 0.2.10_react@16.13.1
      '@teambit/base-ui.theme.fonts.book': 0.2.10_react@16.13.1
      '@teambit/base-ui.theme.heading-margin-definition': 0.2.10_react@16.13.1
      '@teambit/base-ui.theme.shadow-definition': 0.2.10_react@16.13.1
      '@teambit/base-ui.theme.size-definition': 0.2.10_react@16.13.1
      classnames: 2.2.6
      react: 16.13.1
    dev: false
    peerDependencies:
      react: ^15.0.0 || ^16.0.0
    resolution:
      integrity: sha512-pKCHxQEpqVIwuKJ5ib50eAGcuCmjoGeBDUlAQpG1WmU1/0KFO9AqQyckZBnDwwbNVAV+NZEL2NJjf14bcINYqA==
  /@teambit/documenter.code.react-playground/0.0.8_6c71570cf1eaf82f67c470a9cc4d93bc:
    dependencies:
      '@teambit/base-ui.input.error': 0.2.10_react@16.13.1
      '@teambit/base-ui.surfaces.split-pane.hover-splitter': 0.2.10_react@16.13.1
      '@teambit/base-ui.surfaces.split-pane.split-pane': 0.2.10_react@16.13.1
      '@teambit/documenter.theme.theme-context': 0.0.5_react@16.13.1
      '@teambit/documenter.types.docs-file': 0.0.7_react@16.13.1
      '@teambit/documenter.ui.highlighted-text': 0.0.5_react@16.13.1
      classnames: 2.2.6
      prism-react-renderer: 1.1.1_react@16.13.1
      react: 16.13.1
      react-live: 2.2.2_react-dom@16.13.1+react@16.13.1
      react-use-dimensions: 1.2.1_0634d22a207923c507b47a52e9f0d46d
      use-debounce: 3.4.3_react@16.13.1
    dev: false
    peerDependencies:
      '@types/react': '*'
      react: ^16.13.1
      react-dom: '*'
    resolution:
      integrity: sha512-xjiE+ckBH/9QIL+yjP5+yf27jJHD+T8tnVOApNgGQmMZo+VqGXxNNjzJNOFDtmYqvMrpanavIX66BLTIyqBv7Q==
  /@teambit/documenter.theme.theme-context/0.0.5_react@16.13.1:
    dependencies:
      '@teambit/base-ui.theme.theme-provider': 0.2.10_react@16.13.1
      classnames: 2.2.6
      react: 16.13.1
      reset-css: 5.0.1
    dev: false
    peerDependencies:
      react: ^16.13.1
    resolution:
      integrity: sha512-+kL912C+GiO9z180XI9NHVUgNW31JpkGfQJKrECBcykeyJECkLMDw4vQEFcykBaRXFjTiVISnZWgAg080UjLfA==
  /@teambit/documenter.theme.theme-context/0.0.6_react@16.13.1:
    dependencies:
      '@teambit/base-ui.theme.theme-provider': 0.2.10_react@16.13.1
      classnames: 2.2.6
      react: 16.13.1
      reset-css: 5.0.1
    dev: false
    peerDependencies:
      react: ^16.13.1
    resolution:
      integrity: sha512-uT5NZBzLfkuyzbteucCBblu+t56EU317/21K+iTny70yEtrJXYRtcaZHGqTNY8vsvuVZi3kjHi4j8co6pvEHog==
  /@teambit/documenter.types.docs-file/0.0.7_react@16.13.1:
    dependencies:
      '@teambit/documenter.ui.code-snippet': 0.0.7_react@16.13.1
      '@teambit/documenter.ui.heading': 0.0.5_react@16.13.1
      react: 16.13.1
    dev: false
    peerDependencies:
      react: ^16.13.1
    resolution:
      integrity: sha512-dD39LAjeIxdGDos99ar1DsPyRt0Akz35SPkh01L4oQvN9pejlKq+7vv7x0jsXBwvOFVle5clB7NPLLJ0VfiUUA==
  /@teambit/documenter.ui.anchor/0.0.6_react@16.13.1:
    dependencies:
      '@teambit/documenter.theme.theme-context': 0.0.5_react@16.13.1
      '@teambit/documenter.ui.heading': 0.0.5_react@16.13.1
      '@teambit/evangelist.elements.icon': 0.0.3_react@16.13.1
      classnames: 2.2.6
      react: 16.13.1
    dev: false
    peerDependencies:
      react: ^16.13.1
    resolution:
      integrity: sha512-JsTFuCCeJQdt3+NpwzGjInNN7r2AXmJOv5BZULUowtgsz8I616hKGf5IGFdsf48YYZNlcXnunHrHSekjxI6xRQ==
  /@teambit/documenter.ui.code-snippet/0.0.7_react@16.13.1:
    dependencies:
      '@teambit/documenter.theme.theme-context': 0.0.5_react@16.13.1
      '@teambit/documenter.ui.copied-message': 0.0.5_react@16.13.1
      '@teambit/evangelist.elements.icon': 0.0.3_react@16.13.1
      classnames: 2.2.6
      copy-to-clipboard: 3.3.1
      react: 16.13.1
      react-syntax-highlighter: 13.5.3_react@16.13.1
    dev: false
    peerDependencies:
      react: ^16.13.1
    resolution:
      integrity: sha512-NTIQTO5RGCxUiHKKuE8IIrc1RP7REQiw7Crkn2EmE9LG4nRbGua8AlbwHr2WqF64wrK2cVF/hicQof0Kk8/HDA==
  /@teambit/documenter.ui.copied-message/0.0.5_react@16.13.1:
    dependencies:
      '@teambit/documenter.theme.theme-context': 0.0.5_react@16.13.1
      '@teambit/documenter.ui.heading': 0.0.5_react@16.13.1
      '@teambit/evangelist.elements.icon': 0.0.3_react@16.13.1
      classnames: 2.2.6
      react: 16.13.1
    dev: false
    peerDependencies:
      react: ^16.13.1
    resolution:
      integrity: sha512-V3Y2hb0OjF3Z+Ej5zd3We/EOj8yI5QrqkKqrglLy4VmVJbyqtbqqhcZgHi5elU8IVdXVesSEChKG8m9Z7gwGxw==
  /@teambit/documenter.ui.copy-box/0.0.5_react@16.13.1:
    dependencies:
      '@teambit/base-ui.layout.grid-component': 0.2.10_react@16.13.1
      '@teambit/documenter.theme.theme-context': 0.0.5_react@16.13.1
      '@teambit/documenter.ui.copied-message': 0.0.5_react@16.13.1
      '@teambit/evangelist.elements.icon': 0.0.3_react@16.13.1
      classnames: 2.2.6
      copy-to-clipboard: 3.3.1
      react: 16.13.1
    dev: false
    peerDependencies:
      react: ^16.13.1
    resolution:
      integrity: sha512-mInIfbLNA4KJlpMt2YPOCnlRpbUujBMB1Umjvsvg93jWuOEBNbm3llYuPQF0uuR3I0KAmYb0n7g2w5hKwtD/Cw==
  /@teambit/documenter.ui.heading/0.0.5_react@16.13.1:
    dependencies:
      '@teambit/base-ui.text.heading': 0.2.10_react@16.13.1
      '@teambit/documenter.theme.theme-context': 0.0.5_react@16.13.1
      classnames: 2.2.6
      react: 16.13.1
    dev: false
    peerDependencies:
      react: ^16.13.1
    resolution:
      integrity: sha512-iZboWchgOWtEdvOJQhpRJxrVxor+3F0t6mbgttVj0Qaeq+lyBFZv3bYOpPdrAy00bchSj6pMR7puNOFZwTTwog==
  /@teambit/documenter.ui.highlighted-text/0.0.5_react@16.13.1:
    dependencies:
      '@teambit/documenter.ui.paragraph': 0.0.5_react@16.13.1
      classnames: 2.2.6
      react: 16.13.1
    dev: false
    peerDependencies:
      react: ^16.13.1
    resolution:
      integrity: sha512-zZeqVe/Q8pG2plxefRBQb9CXkw8shi01ZrIKWa8mM5seSQSIGc0FJlbxW0qLGUKYzMZgeLBt3iMfYpsvIHzxRw==
  /@teambit/documenter.ui.highlighted-text/0.0.6_react@16.13.1:
    dependencies:
      '@teambit/documenter.ui.paragraph': 0.0.6_react@16.13.1
      classnames: 2.2.6
      react: 16.13.1
    dev: false
    peerDependencies:
      react: ^16.13.1
    resolution:
      integrity: sha512-987kqIG1IPhstxN3+jrEBIXmK83spM/FH5aQSsZ1nB6ofkVXuz2w79Do9r3iy6ptvvPGNYk9UuKWuVcOYWIJCA==
  /@teambit/documenter.ui.linked-heading/0.0.6_react@16.13.1:
    dependencies:
      '@teambit/documenter.theme.theme-context': 0.0.5_react@16.13.1
      '@teambit/documenter.ui.anchor': 0.0.6_react@16.13.1
      '@teambit/documenter.ui.heading': 0.0.5_react@16.13.1
      '@teambit/documenter.ui.paragraph': 0.0.5_react@16.13.1
      '@teambit/documenter.ui.section': 0.0.5_react@16.13.1
      classnames: 2.2.6
      react: 16.13.1
    dev: false
    peerDependencies:
      react: ^16.13.1
    resolution:
      integrity: sha512-CByJvOixOR1bBv/J6ZdZmTTsuJtChephmJJoMw/72sAraz72RBLGY5G9ASd4A+L76FUaP1LBMefD8VFZErE4mA==
  /@teambit/documenter.ui.list/0.0.5_react@16.13.1:
    dependencies:
      '@teambit/documenter.theme.theme-context': 0.0.5_react@16.13.1
      '@teambit/documenter.ui.copy-box': 0.0.5_react@16.13.1
      '@teambit/documenter.ui.heading': 0.0.5_react@16.13.1
      '@teambit/documenter.ui.highlighted-text': 0.0.5_react@16.13.1
      classnames: 2.2.6
      react: 16.13.1
    dev: false
    peerDependencies:
      react: ^16.13.1
    resolution:
      integrity: sha512-MwmURxz4HYoAI/6c35TPCRD6dijs635/iHfi1dALa5Q7Zry7T/peuZbQ3lae0onf0DfESMfUSZyoPjqf+lEzxQ==
  /@teambit/documenter.ui.paragraph/0.0.5_react@16.13.1:
    dependencies:
      '@teambit/base-ui.text.paragraph': 0.2.10_react@16.13.1
      '@teambit/base-ui.theme.sizes': 0.2.10_react@16.13.1
      '@teambit/documenter.theme.theme-context': 0.0.5_react@16.13.1
      classnames: 2.2.6
      react: 16.13.1
    dev: false
    peerDependencies:
      react: ^16.13.1
    resolution:
      integrity: sha512-kV7dKyjluDE4DGZfLXYpD26SDNnleH7RWhUZBJgDWUT8ZNJTEiyRC324/CljwUWsD/TsEmYq8DbBayiXB30ZWg==
  /@teambit/documenter.ui.paragraph/0.0.6_react@16.13.1:
    dependencies:
      '@teambit/base-ui.text.paragraph': 0.2.10_react@16.13.1
      '@teambit/base-ui.theme.sizes': 0.2.10_react@16.13.1
      '@teambit/documenter.theme.theme-context': 0.0.6_react@16.13.1
      classnames: 2.2.6
      react: 16.13.1
    dev: false
    peerDependencies:
      react: ^16.13.1
    resolution:
      integrity: sha512-4GN+zFewKIBAXyx2UoCgMmbH1nW96Ik9GqDwKtEWY+mH/duo3wxf/EIs0Ws9gCGKgb2wczzhxy2JYyBK0Eaq5w==
  /@teambit/documenter.ui.section/0.0.5_react@16.13.1:
    dependencies:
      '@teambit/documenter.theme.theme-context': 0.0.5_react@16.13.1
      classnames: 2.2.6
      react: 16.13.1
    dev: false
    peerDependencies:
      react: ^16.13.1
    resolution:
      integrity: sha512-2ad/qeNU2Ekrwx4jPgEMA5ziiVaPExL9S9XAFFOdto0iK69fpQ60zUd9l79v7jPgB+DOAQfBxPrB792jYP31kg==
  /@teambit/documenter.ui.separator/0.0.5_react@16.13.1:
    dependencies:
      '@teambit/documenter.theme.theme-context': 0.0.5_react@16.13.1
      classnames: 2.2.6
      react: 16.13.1
    dev: false
    peerDependencies:
      react: ^16.13.1
    resolution:
      integrity: sha512-4qEp/y/kHzTSK6mkIP2jOVZVsaRlM6Xy+6vdDEjyh8q4w1LIUEY7xdz7ZiZDI+BUnmKLzonBVgwoW+pYWw9OiQ==
  /@teambit/evangelist.elements.icon/0.0.3_react@16.13.1:
    dependencies:
      '@teambit/base-ui.elements.icon': 0.2.10_react@16.13.1
      react: 16.13.1
    dev: false
    peerDependencies:
      react: ^15.0.0 || ^16.0.0
    resolution:
      integrity: sha512-YIRNg2jHptqllcCgYfy9idzjuyYUyjALdgdnoMk3LD5ODt+1FyrgTdI7aETDw9p89+3GzygVYS6GNnBfFYIYUw==
  /@testing-library/dom/7.22.1:
    dependencies:
      '@babel/runtime': 7.11.2
      '@types/aria-query': 4.2.0
      aria-query: 4.2.2
      dom-accessibility-api: 0.5.0
      pretty-format: 25.5.0
    dev: false
    engines:
      node: '>=10'
    resolution:
      integrity: sha512-bEszhvj9LcspaRz56mqGV7uc+vJTAYKCKPJcGb5X6U1qBysgTAgCexQXvKZ3BBjWu5S/TANP2NniOVsMWqKXcw==
  /@testing-library/jest-dom/5.11.4:
    dependencies:
      '@babel/runtime': 7.11.2
      '@types/testing-library__jest-dom': 5.9.2
      aria-query: 4.2.2
      chalk: 3.0.0
      css: 3.0.0
      css.escape: 1.5.1
      lodash: 4.17.20
      redent: 3.0.0
    dev: false
    engines:
      node: '>=8'
      npm: '>=6'
      yarn: '>=1'
    resolution:
      integrity: sha512-6RRn3epuweBODDIv3dAlWjOEHQLpGJHB2i912VS3JQtsD22+ENInhdDNl4ZZQiViLlIfFinkSET/J736ytV9sw==
  /@testing-library/react/10.4.8_react-dom@16.13.1+react@16.13.1:
    dependencies:
      '@babel/runtime': 7.11.2
      '@testing-library/dom': 7.22.1
      react: 16.13.1
      react-dom: 16.13.1_react@16.13.1
    dev: false
    engines:
      node: '>=10'
    peerDependencies:
      react: '*'
      react-dom: '*'
    resolution:
      integrity: sha512-clgpFR6QHiRRcdhFfAKDhH8UXpNASyfkkANhtCsCVBnai+O+mK1rGtMES+Apc7ql5Wyxu7j8dcLiC4pV5VblHA==
  /@types/aria-query/4.2.0:
    dev: false
    resolution:
      integrity: sha512-iIgQNzCm0v7QMhhe4Jjn9uRh+I6GoPmt03CbEtwx3ao8/EfoQcmgtqH4vQ5Db/lxiIGaWDv6nwvunuh0RyX0+A==
  /@types/classnames/2.2.10:
    dev: true
    resolution:
      integrity: sha512-1UzDldn9GfYYEsWWnn/P4wkTlkZDH7lDb0wBMGbtIQc9zXEQq7FlKBdZUn6OBqD8sKZZ2RQO2mAjGpXiDGoRmQ==
  /@types/color-name/1.1.1:
    resolution:
      integrity: sha512-rr+OQyAjxze7GgWrSaJwydHStIhHq2lvY3BOC2Mj7KnzI7XK0Uw1TOOdI9lDoajEbSWLiYgoo4f1R51erQfhPQ==
  /@types/history/4.7.7:
    dev: true
    resolution:
      integrity: sha512-2xtoL22/3Mv6a70i4+4RB7VgbDDORoWwjcqeNysojZA0R7NK17RbY5Gof/2QiFfJgX+KkWghbwJ+d/2SB8Ndzg==
  /@types/istanbul-lib-coverage/2.0.3:
    resolution:
      integrity: sha512-sz7iLqvVUg1gIedBOvlkxPlc8/uVzyS5OwGz1cKjXzkl3FpL3al0crU8YGU1WoHkxn0Wxbw5tyi6hvzJKNzFsw==
  /@types/istanbul-lib-report/3.0.0:
    dependencies:
      '@types/istanbul-lib-coverage': 2.0.3
    resolution:
      integrity: sha512-plGgXAPfVKFoYfa9NpYDAkseG+g6Jr294RqeqcqDixSbU34MZVJRi/P+7Y8GDpzkEwLaGZZOpKIEmeVZNtKsrg==
  /@types/istanbul-reports/1.1.2:
    dependencies:
      '@types/istanbul-lib-coverage': 2.0.3
      '@types/istanbul-lib-report': 3.0.0
    resolution:
      integrity: sha512-P/W9yOX/3oPZSpaYOCQzGqgCQRXn0FFO/V8bWrCQs+wLmvVVxk6CRBXALEvNs9OHIatlnlFokfhuDo2ug01ciw==
  /@types/jest/26.0.14:
    dependencies:
      jest-diff: 25.5.0
      pretty-format: 25.5.0
    resolution:
      integrity: sha512-Hz5q8Vu0D288x3iWXePSn53W7hAjP0H7EQ6QvDO9c7t46mR0lNOLlfuwQ+JkVxuhygHzlzPX+0jKdA3ZgSh+Vg==
  /@types/prop-types/15.7.3:
    dev: true
    resolution:
      integrity: sha512-KfRL3PuHmqQLOG+2tGpRO26Ctg+Cq1E01D2DMriKEATHgWLfeNDmq9e29Q9WIky0dQ3NPkd1mzYH8Lm936Z9qw==
  /@types/react-router-dom/5.1.5:
    dependencies:
      '@types/history': 4.7.7
      '@types/react': 16.9.43
      '@types/react-router': 5.1.8
    dev: true
    resolution:
      integrity: sha512-ArBM4B1g3BWLGbaGvwBGO75GNFbLDUthrDojV2vHLih/Tq8M+tgvY1DSwkuNrPSwdp/GUL93WSEpTZs8nVyJLw==
  /@types/react-router/5.1.8:
    dependencies:
      '@types/history': 4.7.7
      '@types/react': 16.9.43
    dev: true
    resolution:
      integrity: sha512-HzOyJb+wFmyEhyfp4D4NYrumi+LQgQL/68HvJO+q6XtuHSDvw6Aqov7sCAhjbNq3bUPgPqbdvjXC5HeB2oEAPg==
  /@types/react/16.9.43:
    dependencies:
      '@types/prop-types': 15.7.3
      csstype: 2.6.13
    dev: true
    resolution:
      integrity: sha512-PxshAFcnJqIWYpJbLPriClH53Z2WlJcVZE+NP2etUtWQs2s7yIMj3/LDKZT/5CHJ/F62iyjVCDu2H3jHEXIxSg==
  /@types/testing-library__jest-dom/5.9.2:
    dependencies:
      '@types/jest': 26.0.14
    dev: false
    resolution:
      integrity: sha512-K7nUSpH/5i8i0NagTJ+uFUDRueDlnMNhJtMjMwTGPPSqyImbWC/hgKPDCKt6Phu2iMJg2kWqlax+Ucj2DKMwpA==
  /@types/yargs-parser/15.0.0:
    resolution:
      integrity: sha512-FA/BWv8t8ZWJ+gEOnLLd8ygxH/2UFbAvgEonyfN6yWGLKc7zVjbpl2Y4CTjid9h2RfgPP6SEt6uHwEOply00yw==
  /@types/yargs/15.0.5:
    dependencies:
      '@types/yargs-parser': 15.0.0
    resolution:
      integrity: sha512-Dk/IDOPtOgubt/IaevIUbTgV7doaKkoorvOyYM2CMwuDyP89bekI7H4xLIwunNYiK9jhCkmc6pUrJk3cj2AB9w==
  /ansi-regex/5.0.0:
    engines:
      node: '>=8'
    resolution:
      integrity: sha512-bY6fj56OUQ0hU1KjFNDQuJFezqKdrAyFdIevADiqrWHwSlbmBNMHp5ak2f40Pm8JTFyM2mqxkG6ngkHO11f/lg==
  /ansi-styles/3.2.1:
    dependencies:
      color-convert: 1.9.3
    dev: false
    engines:
      node: '>=4'
    resolution:
      integrity: sha512-VT0ZI6kZRdTh8YyJw3SMbYm/u+NqfsAxEpWO0Pf9sq8/e94WxxOpPKx9FR1FlyCtOVDNOQ+8ntlqFxiRc+r5qA==
  /ansi-styles/4.2.1:
    dependencies:
      '@types/color-name': 1.1.1
      color-convert: 2.0.1
    engines:
      node: '>=8'
    resolution:
      integrity: sha512-9VGjrMsG1vePxcSweQsN20KY/c4zN0h9fLjqAbwbPfahM3t+NL+M9HC8xeXG2I8pX5NoamTGNuomEUFI7fcUjA==
  /aria-query/4.2.2:
    dependencies:
      '@babel/runtime': 7.11.2
      '@babel/runtime-corejs3': 7.11.2
    dev: false
    engines:
      node: '>=6.0'
    resolution:
      integrity: sha512-o/HelwhuKpTj/frsOsbNLNgnNGVIFsVP/SW2BSF14gVl7kAfMOJ6/8wUAUvG1R1NHKrfG+2sHZTu0yauT1qBrA==
  /asap/2.0.6:
    dev: false
    resolution:
      integrity: sha1-5QNHYR1+aQlDIIu9r+vLwvuGbUY=
  /atob/2.1.2:
    dev: false
    engines:
      node: '>= 4.5.0'
    hasBin: true
    resolution:
      integrity: sha512-Wm6ukoaOGJi/73p/cl2GvLjTI5JM1k/O14isD73YML8StrH/7/lRFgmg8nICZgD3bZZvjwCGxtMOD3wWNAu8cg==
  /buble/0.19.6:
    dependencies:
      chalk: 2.4.2
      magic-string: 0.25.7
      minimist: 1.2.5
      os-homedir: 1.0.2
      regexpu-core: 4.7.0
      vlq: 1.0.1
    dev: false
    hasBin: true
    resolution:
      integrity: sha512-9kViM6nJA1Q548Jrd06x0geh+BG2ru2+RMDkIHHgJY/8AcyCs34lTHwra9BX7YdPrZXd5aarkpr/SY8bmPgPdg==
  /chalk/2.4.2:
    dependencies:
      ansi-styles: 3.2.1
      escape-string-regexp: 1.0.5
      supports-color: 5.5.0
    dev: false
    engines:
      node: '>=4'
    resolution:
      integrity: sha512-Mti+f9lpJNcwF4tWV8/OrTTtF1gZi+f8FqlyAdouralcFWFQWF2+NgCHShjkCb+IFBLq9buZwE1xckQU4peSuQ==
  /chalk/3.0.0:
    dependencies:
      ansi-styles: 4.2.1
      supports-color: 7.2.0
    engines:
      node: '>=8'
    resolution:
      integrity: sha512-4D3B6Wf41KOYRFdszmDqMCGq5VV/uMAB273JILmO+3jAlh8X4qDtdtgCR3fxtbLEMzSx22QdhnDcJvu2u1fVwg==
  /character-entities-legacy/1.1.4:
    dev: false
    resolution:
      integrity: sha512-3Xnr+7ZFS1uxeiUDvV02wQ+QDbc55o97tIV5zHScSPJpcLm/r0DFPcoY3tYRp+VZukxuMeKgXYmsXQHO05zQeA==
  /character-entities/1.2.4:
    dev: false
    resolution:
      integrity: sha512-iBMyeEHxfVnIakwOuDXpVkc54HijNgCyQB2w0VfGQThle6NXn50zU6V/u+LDhxHcDUPojn6Kpga3PTAD8W1bQw==
  /character-reference-invalid/1.1.4:
    dev: false
    resolution:
      integrity: sha512-mKKUkUbhPpQlCOfIuZkvSEgktjPFIsZKRRbC6KWVEMvlzblj3i3asQv5ODsrwt0N3pHAEvjP8KTQPHkp0+6jOg==
  /classnames/2.2.6:
    dev: false
    resolution:
      integrity: sha512-JR/iSQOSt+LQIWwrwEzJ9uk0xfN3mTVYMwt1Ir5mUcSN6pU+V4zQFFaJsclJbPuAUQH+yfWef6tm7l1quW3C8Q==
  /clipboard/2.0.6:
    dependencies:
      good-listener: 1.2.2
      select: 1.1.2
      tiny-emitter: 2.1.0
    dev: false
    optional: true
    resolution:
      integrity: sha512-g5zbiixBRk/wyKakSwCKd7vQXDjFnAMGHoEyBogG/bw9kTD9GvdAvaoRR1ALcEzt3pVKxZR0pViekPMIS0QyGg==
  /color-convert/1.9.3:
    dependencies:
      color-name: 1.1.3
    dev: false
    resolution:
      integrity: sha512-QfAUtd+vFdAtFQcC8CCyYt1fYWxSqAiK2cSD6zDB8N3cpsEBAvRxp9zOGg6G/SHHJYAT88/az/IuDGALsNVbGg==
  /color-convert/2.0.1:
    dependencies:
      color-name: 1.1.4
    engines:
      node: '>=7.0.0'
    resolution:
      integrity: sha512-RRECPsj7iu/xb5oKYcsFHSppFNnsj/52OVTRKb4zP5onXwVF3zVmmToNcOfGC+CRDpfK/U584fMg38ZHCaElKQ==
  /color-name/1.1.3:
    dev: false
    resolution:
      integrity: sha1-p9BVi9icQveV3UIyj3QIMcpTvCU=
  /color-name/1.1.4:
    resolution:
      integrity: sha512-dOy+3AuW3a2wNbZHIuMZpTcgjGuLU/uBL/ubcZF9OXbDo8ff4O8yVp5Bf0efS8uEoYo5q4Fx7dY9OgQGXgAsQA==
  /comma-separated-tokens/1.0.8:
    dev: false
    resolution:
      integrity: sha512-GHuDRO12Sypu2cV70d1dkA2EUmXHgntrzbpvOB+Qy+49ypNfGgFQIC2fhhXbnyrJRynDCAARsT7Ou0M6hirpfw==
  /component-props/1.1.1:
    dev: false
    resolution:
      integrity: sha1-+bffm5kntubZfJvScqqGdnDzSUQ=
  /component-xor/0.0.4:
    dev: false
    resolution:
      integrity: sha1-xV2DzMG5TNUImk6T+niRxyY+Wao=
  /copy-to-clipboard/3.3.1:
    dependencies:
      toggle-selection: 1.0.6
    dev: false
    resolution:
      integrity: sha512-i13qo6kIHTTpCm8/Wup+0b1mVWETvu2kIMzKoK8FpkLkFxlt0znUAHcMzox+T8sPlqtZXq3CulEjQHsYiGFJUw==
  /core-js-pure/3.6.5:
    dev: false
    requiresBuild: true
    resolution:
      integrity: sha512-lacdXOimsiD0QyNf9BC/mxivNJ/ybBGJXQFKzRekp1WTHoVUWsUHEn+2T8GJAzzIhyOuXA+gOxCVN3l+5PLPUA==
  /core-js/1.2.7:
    deprecated: 'core-js@<3 is no longer maintained and not recommended for usage due to the number of issues. Please, upgrade your dependencies to the actual version of core-js@3.'
    dev: false
    resolution:
      integrity: sha1-ZSKUwUZR2yj6k70tX/KYOk8IxjY=
  /core-js/2.6.11:
    deprecated: 'core-js@<3 is no longer maintained and not recommended for usage due to the number of issues. Please, upgrade your dependencies to the actual version of core-js@3.'
    dev: false
    requiresBuild: true
    resolution:
      integrity: sha512-5wjnpaT/3dV+XB4borEsnAYQchn00XSgTAWKDkEqv+K8KevjbzmofK6hfJ9TZIlpj2N0xQpazy7PiRQiWHqzWg==
  /create-react-context/0.2.2_prop-types@15.7.2+react@16.13.1:
    dependencies:
      fbjs: 0.8.17
      gud: 1.0.0
      prop-types: 15.7.2
      react: 16.13.1
    dev: false
    peerDependencies:
      prop-types: ^15.0.0
      react: ^0.14.0 || ^15.0.0 || ^16.0.0
    resolution:
      integrity: sha512-KkpaLARMhsTsgp0d2NA/R94F/eDLbhXERdIq3LvX2biCAXcDvHYoOqHfWCHf1+OLj+HKBotLG3KqaOOf+C1C+A==
  /css.escape/1.5.1:
    dev: false
    resolution:
      integrity: sha1-QuJ9T6BK4y+TGktNQZH6nN3ul8s=
  /css/3.0.0:
    dependencies:
      inherits: 2.0.4
      source-map: 0.6.1
      source-map-resolve: 0.6.0
    dev: false
    resolution:
      integrity: sha512-DG9pFfwOrzc+hawpmqX/dHYHJG+Bsdb0klhyi1sDneOgGOXy9wQIC8hzyVp1e4NRYDBdxcylvywPkkXCHAzTyQ==
  /csstype/2.6.13:
    dev: true
    resolution:
      integrity: sha512-ul26pfSQTZW8dcOnD2iiJssfXw0gdNVX9IJDH/X3K5DGPfj+fUYe3kB+swUY6BF3oZDxaID3AJt+9/ojSAE05A==
  /decode-uri-component/0.2.0:
    dev: false
    engines:
      node: '>=0.10'
    resolution:
      integrity: sha1-6zkTMzRYd1y4TNGh+uBiEGu4dUU=
  /delegate/3.2.0:
    dev: false
    optional: true
    resolution:
      integrity: sha512-IofjkYBZaZivn0V8nnsMJGBr4jVLxHDheKSW88PyxS5QC4Vo9ZbZVvhzlSxY87fVq3STR6r+4cGepyHkcWOQSw==
  /diff-sequences/25.2.6:
    engines:
      node: '>= 8.3'
    resolution:
      integrity: sha512-Hq8o7+6GaZeoFjtpgvRBUknSXNeJiCx7V9Fr94ZMljNiCr9n9L8H8aJqgWOQiDDGdyn29fRNcDdRVJ5fdyihfg==
  /dom-accessibility-api/0.5.0:
    dev: false
    resolution:
      integrity: sha512-eCVf9n4Ni5UQAFc2+fqfMPHdtiX7DA0rLakXgNBZfXNJzEbNo3MQIYd+zdYpFBqAaGYVrkd8leNSLGPrG4ODmA==
  /dom-iterator/1.0.0:
    dependencies:
      component-props: 1.1.1
      component-xor: 0.0.4
    dev: false
    resolution:
      integrity: sha512-7dsMOQI07EMU98gQM8NSB3GsAiIeBYIPKpnxR3c9xOvdvBjChAcOM0iJ222I3p5xyiZO9e5oggkNaCusuTdYig==
  /encoding/0.1.13:
    dependencies:
      iconv-lite: 0.6.2
    dev: false
    resolution:
      integrity: sha512-ETBauow1T35Y/WZMkio9jiM0Z5xjHHmJ4XmjZOq1l/dXz3lr2sRn87nJy20RupqSh1F2m3HHPSp8ShIPQJrJ3A==
  /escape-string-regexp/1.0.5:
    dev: false
    engines:
      node: '>=0.8.0'
    resolution:
      integrity: sha1-G2HAViGQqN/2rjuyzwIAyhMLhtQ=
  /extend-shallow/2.0.1:
    dependencies:
      is-extendable: 0.1.1
    dev: false
    engines:
      node: '>=0.10.0'
    resolution:
      integrity: sha1-Ua99YUrZqfYQ6huvu5idaxxWiQ8=
  /fault/1.0.4:
    dependencies:
      format: 0.2.2
    dev: false
    resolution:
      integrity: sha512-CJ0HCB5tL5fYTEA7ToAq5+kTwd++Borf1/bifxd9iT70QcXr4MRrO3Llf8Ifs70q+SJcGHFtnIE/Nw6giCtECA==
  /fbjs/0.8.17:
    dependencies:
      core-js: 1.2.7
      isomorphic-fetch: 2.2.1
      loose-envify: 1.4.0
      object-assign: 4.1.1
      promise: 7.3.1
      setimmediate: 1.0.5
      ua-parser-js: 0.7.21
    dev: false
    resolution:
      integrity: sha1-xNWY6taUkRJlPWWIsBpc3Nn5D90=
  /format/0.2.2:
    dev: false
    engines:
      node: '>=0.4.x'
    resolution:
      integrity: sha1-1hcBB+nv3E7TDJ3DkBbflCtctYs=
  /good-listener/1.2.2:
    dependencies:
      delegate: 3.2.0
    dev: false
    optional: true
    resolution:
      integrity: sha1-1TswzfkxPf+33JoNR3CWqm0UXFA=
  /gud/1.0.0:
    dev: false
    resolution:
      integrity: sha512-zGEOVKFM5sVPPrYs7J5/hYEw2Pof8KCyOwyhG8sAF26mCAeUFAcYPu1mwB7hhpIP29zOIBaDqwuHdLp0jvZXjw==
  /has-flag/3.0.0:
    dev: false
    engines:
      node: '>=4'
    resolution:
      integrity: sha1-tdRU3CGZriJWmfNGfloH87lVuv0=
  /has-flag/4.0.0:
    engines:
      node: '>=8'
    resolution:
      integrity: sha512-EykJT/Q1KjTWctppgIAgfSO0tKVuZUjhgMr17kqTumMl6Afv3EISleU7qZUzoXDFTAHTDC4NOoG/ZxU3EvlMPQ==
  /hast-util-parse-selector/2.2.4:
    dev: false
    resolution:
      integrity: sha512-gW3sxfynIvZApL4L07wryYF4+C9VvH3AUi7LAnVXV4MneGEgwOByXvFo18BgmTWnm7oHAe874jKbIB1YhHSIzA==
  /hastscript/5.1.2:
    dependencies:
      comma-separated-tokens: 1.0.8
      hast-util-parse-selector: 2.2.4
      property-information: 5.5.0
      space-separated-tokens: 1.1.5
    dev: false
    resolution:
      integrity: sha512-WlztFuK+Lrvi3EggsqOkQ52rKbxkXL3RwB6t5lwoa8QLMemoWfBuL43eDrwOamJyR7uKQKdmKYaBH1NZBiIRrQ==
  /highlight.js/10.1.2:
    dev: false
    resolution:
      integrity: sha512-Q39v/Mn5mfBlMff9r+zzA+gWxRsCRKwEMvYTiisLr/XUiFI/4puWt0Ojdko3R3JCNWGdOWaA5g/Yxqa23kC5AA==
  /highlight.js/10.2.0:
    dev: false
    resolution:
      integrity: sha512-OryzPiqqNCfO/wtFo619W+nPYALM6u7iCQkum4bqRmmlcTikOkmlL06i009QelynBPAlNByTQU6cBB2cOBQtCw==
  /iconv-lite/0.6.2:
    dependencies:
      safer-buffer: 2.1.2
    dev: false
    engines:
      node: '>=0.10.0'
    resolution:
      integrity: sha512-2y91h5OpQlolefMPmUlivelittSWy0rP+oYVpn6A7GwVHNE8AWzoYOBNmlwks3LobaJxgHCYZAnyNo2GgpNRNQ==
  /indent-string/4.0.0:
    dev: false
    engines:
      node: '>=8'
    resolution:
      integrity: sha512-EdDDZu4A2OyIK7Lr/2zG+w5jmbuk1DVBnEwREQvBzspBJkCEbRa8GxU1lghYcaGJCnRWibjDXlq779X1/y5xwg==
  /inherits/2.0.4:
    dev: false
    resolution:
      integrity: sha512-k/vGaX4/Yla3WzyMCvTQOXYeIHvqOKtnqBduzTHpzpQZzAskKMhZ2K+EnBiSM9zGSoIFeMpXKxa4dYeZIQqewQ==
  /is-alphabetical/1.0.4:
    dev: false
    resolution:
      integrity: sha512-DwzsA04LQ10FHTZuL0/grVDk4rFoVH1pjAToYwBrHSxcrBIGQuXrQMtD5U1b0U2XVgKZCTLLP8u2Qxqhy3l2Vg==
  /is-alphanumerical/1.0.4:
    dependencies:
      is-alphabetical: 1.0.4
      is-decimal: 1.0.4
    dev: false
    resolution:
      integrity: sha512-UzoZUr+XfVz3t3v4KyGEniVL9BDRoQtY7tOyrRybkVNjDFWyo1yhXNGrrBTQxp3ib9BLAWs7k2YKBQsFRkZG9A==
  /is-decimal/1.0.4:
    dev: false
    resolution:
      integrity: sha512-RGdriMmQQvZ2aqaQq3awNA6dCGtKpiDFcOzrTWrDAT2MiWrKQVPmxLGHl7Y2nNu6led0kEyoX0enY0qXYsv9zw==
  /is-extendable/0.1.1:
    dev: false
    engines:
      node: '>=0.10.0'
    resolution:
      integrity: sha1-YrEQ4omkcUGOPsNqYX1HLjAd/Ik=
  /is-hexadecimal/1.0.4:
    dev: false
    resolution:
      integrity: sha512-gyPJuv83bHMpocVYoqof5VDiZveEoGoFL8m3BXNb2VW8Xs+rz9kqO8LOQ5DH6EsuvilT1ApazU0pyl+ytbPtlw==
  /is-stream/1.1.0:
    dev: false
    engines:
      node: '>=0.10.0'
    resolution:
      integrity: sha1-EtSj3U5o4Lec6428hBc66A2RykQ=
  /isomorphic-fetch/2.2.1:
    dependencies:
      node-fetch: 1.7.3
      whatwg-fetch: 3.4.1
    dev: false
    resolution:
      integrity: sha1-YRrhrPFPXoH3KVB0coGf6XM1WKk=
  /jest-diff/25.5.0:
    dependencies:
      chalk: 3.0.0
      diff-sequences: 25.2.6
      jest-get-type: 25.2.6
      pretty-format: 25.5.0
    engines:
      node: '>= 8.3'
    resolution:
      integrity: sha512-z1kygetuPiREYdNIumRpAHY6RXiGmp70YHptjdaxTWGmA085W3iCnXNx0DhflK3vwrKmrRWyY1wUpkPMVxMK7A==
  /jest-get-type/25.2.6:
    engines:
      node: '>= 8.3'
    resolution:
      integrity: sha512-DxjtyzOHjObRM+sM1knti6or+eOgcGU4xVSb2HNP1TqO4ahsT+rqZg+nyqHWJSvWgKC5cG3QjGFBqxLghiF/Ig==
  /js-tokens/4.0.0:
    dev: false
    resolution:
      integrity: sha512-RdJUflcE3cUzKiMqQgsCu06FPu9UdIJO0beYbPhHN4k6apgJtifcoCtT9bcxOpYBtpD2kCM6Sbzg4CausW/PKQ==
  /jsesc/0.5.0:
    dev: false
    hasBin: true
    resolution:
      integrity: sha1-597mbjXW/Bb3EP6R1c9p9w8IkR0=
  /lodash/4.17.20:
    dev: false
    resolution:
      integrity: sha512-PlhdFcillOINfeV7Ni6oF1TAEayyZBoZ8bcshTHqOYJYlrqzRK5hagpagky5o4HfCzzd1TRkXPMFq6cKk9rGmA==
  /loose-envify/1.4.0:
    dependencies:
      js-tokens: 4.0.0
    dev: false
    hasBin: true
    resolution:
      integrity: sha512-lyuxPGr/Wfhrlem2CL/UcnUc1zcqKAImBDzukY7Y5F/yQiNdko6+fRLevlw1HgMySw7f611UIY408EtxRSoK3Q==
  /lowlight/1.14.0:
    dependencies:
      fault: 1.0.4
      highlight.js: 10.1.2
    dev: false
    resolution:
      integrity: sha512-N2E7zTM7r1CwbzwspPxJvmjAbxljCPThTFawEX2Z7+P3NGrrvY54u8kyU16IY4qWfoVIxY8SYCS8jTkuG7TqYA==
  /magic-string/0.25.7:
    dependencies:
      sourcemap-codec: 1.4.8
    dev: false
    resolution:
      integrity: sha512-4CrMT5DOHTDk4HYDlzmwu4FVCcIYI8gauveasrdCu2IKIFOJ3f0v/8MDGJCDL9oD2ppz/Av1b0Nj345H9M+XIA==
  /min-indent/1.0.1:
    dev: false
    engines:
      node: '>=4'
    resolution:
      integrity: sha512-I9jwMn07Sy/IwOj3zVkVik2JTvgpaykDZEigL6Rx6N9LbMywwUSMtxET+7lVoDLLd3O3IXwJwvuuns8UB/HeAg==
  /minimist/1.2.5:
    dev: false
    resolution:
      integrity: sha512-FM9nNUYrRBAELZQT3xeZQ7fmMOBg6nWNmJKTcgsJeaLstP/UODVpGsr5OhXhhXg6f+qtJ8uiZ+PUxkDWcgIXLw==
  /node-fetch/1.7.3:
    dependencies:
      encoding: 0.1.13
      is-stream: 1.1.0
    dev: false
    resolution:
      integrity: sha512-NhZ4CsKx7cYm2vSrBAr2PvFOe6sWDf0UYLRqA6svUYg7+/TSfVAu49jYC4BvQ4Sms9SZgdqGBgroqfDhJdTyKQ==
  /object-assign/4.1.1:
    dev: false
    engines:
      node: '>=0.10.0'
    resolution:
      integrity: sha1-IQmtx5ZYh8/AXLvUQsrIv7s2CGM=
  /os-homedir/1.0.2:
    dev: false
    engines:
      node: '>=0.10.0'
    resolution:
      integrity: sha1-/7xJiDNuDoM94MFox+8VISGqf7M=
  /parse-entities/2.0.0:
    dependencies:
      character-entities: 1.2.4
      character-entities-legacy: 1.1.4
      character-reference-invalid: 1.1.4
      is-alphanumerical: 1.0.4
      is-decimal: 1.0.4
      is-hexadecimal: 1.0.4
    dev: false
    resolution:
      integrity: sha512-kkywGpCcRYhqQIchaWqZ875wzpS/bMKhz5HnN3p7wveJTkTtyAB/AlnS0f8DFSqYW1T82t6yEAkEcB+A1I3MbQ==
  /pretty-format/25.5.0:
    dependencies:
      '@jest/types': 25.5.0
      ansi-regex: 5.0.0
      ansi-styles: 4.2.1
      react-is: 16.13.1
    engines:
      node: '>= 8.3'
    resolution:
      integrity: sha512-kbo/kq2LQ/A/is0PQwsEHM7Ca6//bGPPvU6UnsdDRSKTWxT/ru/xb88v4BJf6a69H+uTytOEsTusT9ksd/1iWQ==
  /prism-react-renderer/1.1.1_react@16.13.1:
    dependencies:
      react: 16.13.1
    dev: false
    peerDependencies:
      react: '>=0.14.9'
    resolution:
      integrity: sha512-MgMhSdHuHymNRqD6KM3eGS0PNqgK9q4QF5P0yoQQvpB6jNjeSAi3jcSAz0Sua/t9fa4xDOMar9HJbLa08gl9ug==
  /prismjs/1.21.0:
    dev: false
    optionalDependencies:
      clipboard: 2.0.6
    resolution:
      integrity: sha512-uGdSIu1nk3kej2iZsLyDoJ7e9bnPzIgY0naW/HdknGj61zScaprVEVGHrPoXqI+M9sP0NDnTK2jpkvmldpuqDw==
  /promise/7.3.1:
    dependencies:
      asap: 2.0.6
    dev: false
    resolution:
      integrity: sha512-nolQXZ/4L+bP/UGlkfaIujX9BKxGwmQ9OT4mOt5yvy8iK1h3wqTEJCijzGANTCCl9nWjY41juyAn2K3Q1hLLTg==
  /prop-types/15.7.2:
    dependencies:
      loose-envify: 1.4.0
      object-assign: 4.1.1
      react-is: 16.13.1
    dev: false
    resolution:
      integrity: sha512-8QQikdH7//R2vurIJSutZ1smHYTcLpRWEOlHnzcWHmBYrOGUysKwSsrC89BCiFj3CbrfJ/nXFdJepOVrY1GCHQ==
  /property-information/5.5.0:
    dependencies:
      xtend: 4.0.2
    dev: false
    resolution:
      integrity: sha512-RgEbCx2HLa1chNgvChcx+rrCWD0ctBmGSE0M7lVm1yyv4UbvbrWoXp/BkVLZefzjrRBGW8/Js6uh/BnlHXFyjA==
  /react-dom/16.13.1_react@16.13.1:
    dependencies:
      loose-envify: 1.4.0
      object-assign: 4.1.1
      prop-types: 15.7.2
      react: 16.13.1
      scheduler: 0.19.1
    dev: false
    peerDependencies:
      react: ^16.13.1
    resolution:
      integrity: sha512-81PIMmVLnCNLO/fFOQxdQkvEq/+Hfpv24XNJfpyZhTRfO0QcmQIF/PgCa1zCOj2w1hrn12MFLyaJ/G0+Mxtfag==
  /react-is/16.13.1:
    resolution:
      integrity: sha512-24e6ynE2H+OKt4kqsOvNd8kBpV65zoxbA4BVsEOB3ARVWQki/DHzaUoC5KuON/BiccDaCCTZBuOcfZs70kR8bQ==
  /react-live/2.2.2_react-dom@16.13.1+react@16.13.1:
    dependencies:
      buble: 0.19.6
      core-js: 2.6.11
      create-react-context: 0.2.2_prop-types@15.7.2+react@16.13.1
      dom-iterator: 1.0.0
      prism-react-renderer: 1.1.1_react@16.13.1
      prop-types: 15.7.2
      react-simple-code-editor: 0.10.0_react-dom@16.13.1+react@16.13.1
      unescape: 1.0.1
    dev: false
    engines:
      node: '>= 0.12.0'
      npm: '>= 2.0.0'
    peerDependencies:
      react: '*'
      react-dom: '*'
    resolution:
      integrity: sha512-kJYAzKnPsR4oXleAX9lLsJA330BhTmSWHhr3ienZA2E/0eFDRodGl3I7sge8pp1vjc2K5Aaz73KpFUnV7Lq/DQ==
  /react-simple-code-editor/0.10.0_react-dom@16.13.1+react@16.13.1:
    dependencies:
      react: 16.13.1
      react-dom: 16.13.1_react@16.13.1
    dev: false
    peerDependencies:
      react: ^16.0.0
      react-dom: ^16.0.0
    resolution:
      integrity: sha512-bL5W5mAxSW6+cLwqqVWY47Silqgy2DKDTR4hDBrLrUqC5BXc29YVx17l2IZk5v36VcDEq1Bszu2oHm1qBwKqBA==
  /react-syntax-highlighter/13.5.3_react@16.13.1:
    dependencies:
      '@babel/runtime': 7.11.2
      highlight.js: 10.2.0
      lowlight: 1.14.0
      prismjs: 1.21.0
      react: 16.13.1
      refractor: 3.1.0
    dev: false
    peerDependencies:
      react: '>= 0.14.0'
    resolution:
      integrity: sha512-crPaF+QGPeHNIblxxCdf2Lg936NAHKhNhuMzRL3F9ct6aYXL3NcZtCL0Rms9+qVo6Y1EQLdXGypBNSbPL/r+qg==
  /react-use-dimensions/1.2.1_0634d22a207923c507b47a52e9f0d46d:
    dependencies:
      '@types/react': 16.9.43
      react: 16.13.1
    dev: false
    peerDependencies:
      '@types/react': ^16.8.20
      react: ^16.8.x
      typescript: ^3.5.2
    resolution:
      integrity: sha512-XL+Rup9Hosxx3Ap9xpyQMbVwuUa4BSqiOjfBb2zDuGs4uv2FesFV+m8Z/huRx2BNptMd9ARPqFuSNA62zhCozg==
  /react/16.13.1:
    dependencies:
      loose-envify: 1.4.0
      object-assign: 4.1.1
      prop-types: 15.7.2
    dev: false
    engines:
      node: '>=0.10.0'
    resolution:
      integrity: sha512-YMZQQq32xHLX0bz5Mnibv1/LHb3Sqzngu7xstSM+vrkE5Kzr9xE0yMByK5kMoTK30YVJE61WfbxIFFvfeDKT1w==
  /redent/3.0.0:
    dependencies:
      indent-string: 4.0.0
      strip-indent: 3.0.0
    dev: false
    engines:
      node: '>=8'
    resolution:
      integrity: sha512-6tDA8g98We0zd0GvVeMT9arEOnTw9qM03L9cJXaCjrip1OO764RDBLBfrB4cwzNGDj5OA5ioymC9GkizgWJDUg==
  /refractor/3.1.0:
    dependencies:
      hastscript: 5.1.2
      parse-entities: 2.0.0
      prismjs: 1.21.0
    dev: false
    resolution:
      integrity: sha512-bN8GvY6hpeXfC4SzWmYNQGLLF2ZakRDNBkgCL0vvl5hnpMrnyURk8Mv61v6pzn4/RBHzSWLp44SzMmVHqMGNww==
  /regenerate-unicode-properties/8.2.0:
    dependencies:
      regenerate: 1.4.1
    dev: false
    engines:
      node: '>=4'
    resolution:
      integrity: sha512-F9DjY1vKLo/tPePDycuH3dn9H1OTPIkVD9Kz4LODu+F2C75mgjAJ7x/gwy6ZcSNRAAkhNlJSOHRe8k3p+K9WhA==
  /regenerate/1.4.1:
    dev: false
    resolution:
      integrity: sha512-j2+C8+NtXQgEKWk49MMP5P/u2GhnahTtVkRIHr5R5lVRlbKvmQ+oS+A5aLKWp2ma5VkT8sh6v+v4hbH0YHR66A==
  /regenerator-runtime/0.13.7:
    dev: false
    resolution:
      integrity: sha512-a54FxoJDIr27pgf7IgeQGxmqUNYrcV338lf/6gH456HZ/PhX+5BcwHXG9ajESmwe6WRO0tAzRUrRmNONWgkrew==
  /regexpu-core/4.7.0:
    dependencies:
      regenerate: 1.4.1
      regenerate-unicode-properties: 8.2.0
      regjsgen: 0.5.2
      regjsparser: 0.6.4
      unicode-match-property-ecmascript: 1.0.4
      unicode-match-property-value-ecmascript: 1.2.0
    dev: false
    engines:
      node: '>=4'
    resolution:
      integrity: sha512-TQ4KXRnIn6tz6tjnrXEkD/sshygKH/j5KzK86X8MkeHyZ8qst/LZ89j3X4/8HEIfHANTFIP/AbXakeRhWIl5YQ==
  /regjsgen/0.5.2:
    dev: false
    resolution:
      integrity: sha512-OFFT3MfrH90xIW8OOSyUrk6QHD5E9JOTeGodiJeBS3J6IwlgzJMNE/1bZklWz5oTg+9dCMyEetclvCVXOPoN3A==
  /regjsparser/0.6.4:
    dependencies:
      jsesc: 0.5.0
    dev: false
    hasBin: true
    resolution:
      integrity: sha512-64O87/dPDgfk8/RQqC4gkZoGyyWFIEUTTh80CU6CWuK5vkCGyekIx+oKcEIYtP/RAxSQltCZHCNu/mdd7fqlJw==
  /reset-css/5.0.1:
    dev: false
    resolution:
      integrity: sha512-VyuJdNFfp5x/W6e5wauJM59C02Vs0P22sxzZGhQMPaqu/NGTeFxlBFOOw3eq9vQd19gIDdZp7zi89ylyKOJ33Q==
  /safer-buffer/2.1.2:
    dev: false
    resolution:
      integrity: sha512-YZo3K82SD7Riyi0E1EQPojLz7kpepnSQI9IyPbHHg1XXXevb5dJI7tpyN2ADxGcQbHG7vcyRHk0cbwqcQriUtg==
  /scheduler/0.19.1:
    dependencies:
      loose-envify: 1.4.0
      object-assign: 4.1.1
    dev: false
    resolution:
      integrity: sha512-n/zwRWRYSUj0/3g/otKDRPMh6qv2SYMWNq85IEa8iZyAv8od9zDYpGSnpBEjNgcMNq6Scbu5KfIPxNF72R/2EA==
  /select/1.1.2:
    dev: false
    optional: true
    resolution:
      integrity: sha1-DnNQrN7ICxEIUoeG7B1EGNEbOW0=
  /setimmediate/1.0.5:
    dev: false
    resolution:
      integrity: sha1-KQy7Iy4waULX1+qbg3Mqt4VvgoU=
  /source-map-resolve/0.6.0:
    dependencies:
      atob: 2.1.2
      decode-uri-component: 0.2.0
    dev: false
    resolution:
      integrity: sha512-KXBr9d/fO/bWo97NXsPIAW1bFSBOuCnjbNTBMO7N59hsv5i9yzRDfcYwwt0l04+VqnKC+EwzvJZIP/qkuMgR/w==
  /source-map/0.6.1:
    dev: false
    engines:
      node: '>=0.10.0'
    resolution:
      integrity: sha512-UjgapumWlbMhkBgzT7Ykc5YXUT46F0iKu8SGXq0bcwP5dz/h0Plj6enJqjz1Zbq2l5WaqYnrVbwWOWMyF3F47g==
  /sourcemap-codec/1.4.8:
    dev: false
    resolution:
      integrity: sha512-9NykojV5Uih4lgo5So5dtw+f0JgJX30KCNI8gwhz2J9A15wD0Ml6tjHKwf6fTSa6fAdVBdZeNOs9eJ71qCk8vA==
  /space-separated-tokens/1.1.5:
    dev: false
    resolution:
      integrity: sha512-q/JSVd1Lptzhf5bkYm4ob4iWPjx0KiRe3sRFBNrVqbJkFaBm5vbbowy1mymoPNLRa52+oadOhJ+K49wsSeSjTA==
  /strip-indent/3.0.0:
    dependencies:
      min-indent: 1.0.1
    dev: false
    engines:
      node: '>=8'
    resolution:
      integrity: sha512-laJTa3Jb+VQpaC6DseHhF7dXVqHTfJPCRDaEbid/drOhgitgYku/letMUqOXFoWV0zIIUbjpdH2t+tYj4bQMRQ==
  /supports-color/5.5.0:
    dependencies:
      has-flag: 3.0.0
    dev: false
    engines:
      node: '>=4'
    resolution:
      integrity: sha512-QjVjwdXIt408MIiAqCX4oUKsgU2EqAGzs2Ppkm4aQYbjm+ZEWEcW4SfFNTr4uMNZma0ey4f5lgLrkB0aX0QMow==
  /supports-color/7.2.0:
    dependencies:
      has-flag: 4.0.0
    engines:
      node: '>=8'
    resolution:
      integrity: sha512-qpCAvRl9stuOHveKsn7HncJRvv501qIacKzQlO/+Lwxc9+0q2wLyv4Dfvt80/DPn2pqOBsJdDiogXGR9+OvwRw==
  /tiny-emitter/2.1.0:
    dev: false
    optional: true
    resolution:
      integrity: sha512-NB6Dk1A9xgQPMoGqC5CVXn123gWyte215ONT5Pp5a0yt4nlEoO1ZWeCwpncaekPHXO60i47ihFnZPiRPjRMq4Q==
  /toggle-selection/1.0.6:
    dev: false
    resolution:
      integrity: sha1-bkWxJj8gF/oKzH2J14sVuL932jI=
  /ua-parser-js/0.7.21:
    dev: false
    resolution:
      integrity: sha512-+O8/qh/Qj8CgC6eYBVBykMrNtp5Gebn4dlGD/kKXVkJNDwyrAwSIqwz8CDf+tsAIWVycKcku6gIXJ0qwx/ZXaQ==
  /unescape/1.0.1:
    dependencies:
      extend-shallow: 2.0.1
    dev: false
    engines:
      node: '>=0.10.0'
    resolution:
      integrity: sha512-O0+af1Gs50lyH1nUu3ZyYS1cRh01Q/kUKatTOkSs7jukXE6/NebucDVxyiDsA9AQ4JC1V1jUH9EO8JX2nMDgGQ==
  /unicode-canonical-property-names-ecmascript/1.0.4:
    dev: false
    engines:
      node: '>=4'
    resolution:
      integrity: sha512-jDrNnXWHd4oHiTZnx/ZG7gtUTVp+gCcTTKr8L0HjlwphROEW3+Him+IpvC+xcJEFegapiMZyZe02CyuOnRmbnQ==
  /unicode-match-property-ecmascript/1.0.4:
    dependencies:
      unicode-canonical-property-names-ecmascript: 1.0.4
      unicode-property-aliases-ecmascript: 1.1.0
    dev: false
    engines:
      node: '>=4'
    resolution:
      integrity: sha512-L4Qoh15vTfntsn4P1zqnHulG0LdXgjSO035fEpdtp6YxXhMT51Q6vgM5lYdG/5X3MjS+k/Y9Xw4SFCY9IkR0rg==
  /unicode-match-property-value-ecmascript/1.2.0:
    dev: false
    engines:
      node: '>=4'
    resolution:
      integrity: sha512-wjuQHGQVofmSJv1uVISKLE5zO2rNGzM/KCYZch/QQvez7C1hUhBIuZ701fYXExuufJFMPhv2SyL8CyoIfMLbIQ==
  /unicode-property-aliases-ecmascript/1.1.0:
    dev: false
    engines:
      node: '>=4'
    resolution:
      integrity: sha512-PqSoPh/pWetQ2phoj5RLiaqIk4kCNwoV3CI+LfGmWLKI3rE3kl1h59XpX2BjgDrmbxD9ARtQobPGU1SguCYuQg==
  /use-debounce/3.4.3_react@16.13.1:
    dependencies:
      react: 16.13.1
    dev: false
    peerDependencies:
      react: '>=16.8.0'
    resolution:
      integrity: sha512-nxy+opOxDccWfhMl36J5BSCTpvcj89iaQk2OZWLAtBJQj7ISCtx1gh+rFbdjGfMl6vtCZf6gke/kYvrkVfHMoA==
  /vlq/1.0.1:
    dev: false
    resolution:
      integrity: sha512-gQpnTgkubC6hQgdIcRdYGDSDc+SaujOdyesZQMv6JlfQee/9Mp0Qhnys6WxDWvQnL5WZdT7o2Ul187aSt0Rq+w==
  /whatwg-fetch/3.4.1:
    dev: false
    resolution:
      integrity: sha512-sofZVzE1wKwO+EYPbWfiwzaKovWiZXf4coEzjGP9b2GBVgQRLQUZ2QcuPpQExGDAW5GItpEm6Tl4OU5mywnAoQ==
  /xtend/4.0.2:
    dev: false
    engines:
      node: '>=0.4'
    resolution:
      integrity: sha512-LKYU1iAXJXUgAXn9URjiu+MWhyUXHsvfp7mcuYm9dSUKK0/CjtrUwFAxD82/mCWbtLsGjFIad0wIsod4zrTAEQ==
