importers:
  .:
    dependencies:
      '@babel/runtime': 7.11.2
      '@teambit/documenter.ui.code-snippet': 0.0.3_react@16.13.1
      '@testing-library/jest-dom': 5.11.4
      '@testing-library/react': 10.4.8_react-dom@16.13.1+react@16.13.1
      '@types/classnames': 2.2.10
      classnames: 2.2.6
      react: 16.13.1
      react-dom: 16.13.1_react@16.13.1
    devDependencies:
      '@types/jest': 26.0.13
      '@types/react': 16.9.43
      '@types/react-router-dom': 5.1.5
    specifiers:
      '@babel/runtime': ^7.11.2
      '@teambit/documenter.ui.code-snippet': ^0.0.3
      '@testing-library/jest-dom': ^5.11.4
      '@testing-library/react': 10.4.8
      '@types/classnames': ^2.2.10
      '@types/jest': ~26.0.13
      '@types/react': 16.9.43
      '@types/react-router-dom': ^5.1.5
      classnames: ^2.2.6
      react: ^16.13.1
      react-dom: ^16.13.1
  components/apps/bad-jokes-viewer:
    specifiers: {}
  components/hooks/use-get-jokes:
    specifiers: {}
  components/modules/capitalize:
    specifiers: {}
  components/react/hooks/use-get-jokes:
    specifiers: {}
  components/react/pages/bad-jokes-viewer:
    specifiers: {}
  components/react/ui-primitives/button:
    specifiers: {}
  components/ui/button:
    specifiers: {}
  extensions/harmony-react:
    specifiers: {}
lockfileVersion: 5.1
packages:
  /@babel/runtime-corejs3/7.11.2:
    dependencies:
      core-js-pure: 3.6.5
      regenerator-runtime: 0.13.7
    dev: false
    resolution:
      integrity: sha512-qh5IR+8VgFz83VBa6OkaET6uN/mJOhHONuy3m1sgF0CV6mXdPSEBdA7e1eUbVvyNtANjMbg22JUv71BaDXLY6A==
  /@babel/runtime/7.11.2:
    dependencies:
      regenerator-runtime: 0.13.7
    dev: false
    resolution:
      integrity: sha512-TeWkU52so0mPtDcaCTxNBI/IHiz0pZgr8VEFqXFtZWpYD08ZB6FaSwVAS8MKRQAP3bYKiVjwysOJgMFY28o6Tw==
  /@jest/types/25.5.0:
    dependencies:
      '@types/istanbul-lib-coverage': 2.0.3
      '@types/istanbul-reports': 1.1.2
      '@types/yargs': 15.0.5
      chalk: 3.0.0
    engines:
      node: '>= 8.3'
    resolution:
      integrity: sha512-OXD0RgQ86Tu3MazKo8bnrkDRaDXXMGUqd+kTtLtK1Zb7CRzQcaSRPPPV37SvYTdevXEBVxe0HXylEjs8ibkmCw==
  /@teambit/base-ui.elements.icon/0.1.5_react@16.13.1:
    dependencies:
      classnames: 2.2.6
      react: 16.13.1
    dev: false
    peerDependencies:
      react: ^15.0.0 || ^16.0.0
    resolution:
      integrity: sha512-ycfPiAbqoOm9rFu8umRzwCgYlwh/EqkZNV4TKCjba59eJgYsMGFel9f/XIAY6G9Lm5D7Hu49n9ZGZ/mw2n4D1g==
  /@teambit/base-ui.text.heading/0.1.5_react@16.13.1:
    dependencies:
      react: 16.13.1
    dev: false
    peerDependencies:
      react: ^15.0.0 || ^16.0.0
    resolution:
      integrity: sha512-bFDs12ZJ4AmO1TN0z8lQK/kpzHDVSoGxtfFIFS7D/jUaH8dLoHCK9NId44zifjjWMInVY/afnUCApZPqX33+FA==
  /@teambit/base-ui.theme.brand-definition/0.1.5_react@16.13.1:
    dependencies:
      '@teambit/base-ui.theme.colors': 0.1.5_react@16.13.1
      react: 16.13.1
    dev: false
    peerDependencies:
      react: ^15.0.0 || ^16.0.0
    resolution:
      integrity: sha512-yglV3vUhHE59EeYHWY8+dAUnTZ1y1Aj8qKxGY2wYjcAFqlowZ6DaDZ4vA7o4amgUTbiH+ppSX/TolZAy2gMMXg==
  /@teambit/base-ui.theme.color-definition/0.1.5_react@16.13.1:
    dependencies:
      '@teambit/base-ui.theme.colors': 0.1.5_react@16.13.1
      react: 16.13.1
    dev: false
    peerDependencies:
      react: ^15.0.0 || ^16.0.0
    resolution:
      integrity: sha512-LDz2A+XO159o/2AQuNeC1hSbfKMvhPZiOWwm8gBFII4ko2fW0pyES943O49MapkOxpPkqsQ5EUqmqfkJKB8LtA==
  /@teambit/base-ui.theme.colors/0.1.5_react@16.13.1:
    dependencies:
      react: 16.13.1
    dev: false
    peerDependencies:
      react: ^15.0.0 || ^16.0.0
    resolution:
      integrity: sha512-sYjeOBbHZMdWZQ+L4TRmgeiMg3iS50DUa9MdMe9XsgJ7FPfMgLuHEOsuihcsoLEWYBXpxX0PaItTfSQwmHpYYA==
  /@teambit/base-ui.theme.fonts.book/0.1.5_react@16.13.1:
    dependencies:
      react: 16.13.1
    dev: false
    peerDependencies:
      react: ^15.0.0 || ^16.0.0
    resolution:
      integrity: sha512-pqeo+CCAkEOPeR6gFAkLf/IGb3Um37t3KeRuomxz3odnznzBeGg3R7X3Run3gKLgjmp+KGkB7y90JFvQPbaEXw==
  /@teambit/base-ui.theme.heading-margin-definition/0.1.5_react@16.13.1:
    dependencies:
      react: 16.13.1
    dev: false
    peerDependencies:
      react: ^15.0.0 || ^16.0.0
    resolution:
      integrity: sha512-ix+H27qABKYWDUIqsFYkHJEJYRplGdT4CRDl120hnCpUFX8QJWw1jjnXBCARVsK809lgTD2qo9sAG3mrDo2ptg==
  /@teambit/base-ui.theme.shadow-definition/0.1.5_react@16.13.1:
    dependencies:
      react: 16.13.1
    dev: false
    peerDependencies:
      react: ^15.0.0 || ^16.0.0
    resolution:
      integrity: sha512-ql0C9KfUnwabTrulJU/LyfaoFjB4ZYHmAjmnsD45N2nTTy6qfLvE3TtqTE5Pjrf1JuocJKCrwqA7UGKYau+cBQ==
  /@teambit/base-ui.theme.size-definition/0.1.5_react@16.13.1:
    dependencies:
      react: 16.13.1
    dev: false
    peerDependencies:
      react: ^15.0.0 || ^16.0.0
    resolution:
      integrity: sha512-Qq8AgIsfDUDoNKUA9pfrBPIxh3f7pdkR3+nY/Fzq3NWrTsX67rSZfCteIw2Kqrkri+Xp5+1wYcuqh/7u+10C7w==
  /@teambit/base-ui.theme.theme-provider/0.1.5_react@16.13.1:
    dependencies:
      '@teambit/base-ui.theme.brand-definition': 0.1.5_react@16.13.1
      '@teambit/base-ui.theme.color-definition': 0.1.5_react@16.13.1
      '@teambit/base-ui.theme.fonts.book': 0.1.5_react@16.13.1
      '@teambit/base-ui.theme.heading-margin-definition': 0.1.5_react@16.13.1
      '@teambit/base-ui.theme.shadow-definition': 0.1.5_react@16.13.1
      '@teambit/base-ui.theme.size-definition': 0.1.5_react@16.13.1
      classnames: 2.2.6
      react: 16.13.1
    dev: false
    peerDependencies:
      react: ^15.0.0 || ^16.0.0
    resolution:
      integrity: sha512-NU+7eLyrZRpFqQmJ6ssJtZ0eNvJtl/stZF9BmCJSyK5sJXurxxc1RxpoCxnn7st74uJnc63t2F3sqEBsBCRoEw==
  /@teambit/documenter.theme.theme-context/0.0.3_react@16.13.1:
    dependencies:
      '@teambit/base-ui.theme.theme-provider': 0.1.5_react@16.13.1
      classnames: 2.2.6
      react: 16.13.1
      reset-css: 5.0.1
    dev: false
    peerDependencies:
      react: ^16.13.1
    resolution:
      integrity: sha512-0M2j7K9SNpFa8vaIfUedgr6DtFwNuzW7lxo4Ge+XBbuFVCORw2JolG6usprkleICnBR3AAkZmWz+G7oucUUG/g==
  /@teambit/documenter.ui.code-snippet/0.0.3_react@16.13.1:
    dependencies:
      '@teambit/documenter.theme.theme-context': 0.0.3_react@16.13.1
      '@teambit/documenter.ui.copied-message': 0.0.3_react@16.13.1
      '@teambit/evangelist.elements.icon': 0.0.2_react@16.13.1
      classnames: 2.2.6
      copy-to-clipboard: 3.3.1
      react: 16.13.1
      react-syntax-highlighter: 13.5.3_react@16.13.1
    dev: false
    peerDependencies:
      react: ^16.13.1
    resolution:
      integrity: sha512-a3PQ8I1by6LTI1+vwwI0734e3WQ4UenWX2XyvCrehpI0kKkl7CD4VWva+Ri5s6KSaeD6pNCAGv9zthMYcT7kNg==
  /@teambit/documenter.ui.copied-message/0.0.3_react@16.13.1:
    dependencies:
      '@teambit/documenter.theme.theme-context': 0.0.3_react@16.13.1
      '@teambit/documenter.ui.heading': 0.0.3_react@16.13.1
      '@teambit/evangelist.elements.icon': 0.0.2_react@16.13.1
      classnames: 2.2.6
      react: 16.13.1
    dev: false
    peerDependencies:
      react: ^16.13.1
    resolution:
      integrity: sha512-zGHjlB/l7FITz+BMkekgC4bxATnXJfvV/R3tzlyw4CGQc38NJUya75hrWHjRxVukBM+N0OVJWp3zy7YEXIpzmg==
  /@teambit/documenter.ui.heading/0.0.3_react@16.13.1:
    dependencies:
      '@teambit/base-ui.text.heading': 0.1.5_react@16.13.1
      '@teambit/documenter.theme.theme-context': 0.0.3_react@16.13.1
      classnames: 2.2.6
      react: 16.13.1
    dev: false
    peerDependencies:
      react: ^16.13.1
    resolution:
      integrity: sha512-zy882zLfE1mT9a0zIKOUGSDqEp5JPDsdLPZAwpAQ2w6pgQT0eeOfiU2Zun4pr2PEbJdx4b6zOElRg63RRa58uQ==
  /@teambit/evangelist.elements.icon/0.0.2_react@16.13.1:
    dependencies:
      '@teambit/base-ui.elements.icon': 0.1.5_react@16.13.1
      react: 16.13.1
    dev: false
    peerDependencies:
      react: ^15.0.0 || ^16.0.0
    resolution:
      integrity: sha512-K7n/QO2KTlTcXW2oZI2a5p38wzUFakgUtSszZZX2VjxZytQxxfWtlI7RRvxaLxFvz1UIz4VIWwS2JW2tN7fDAg==
  /@testing-library/dom/7.22.1:
    dependencies:
      '@babel/runtime': 7.11.2
      '@types/aria-query': 4.2.0
      aria-query: 4.2.2
      dom-accessibility-api: 0.5.0
      pretty-format: 25.5.0
    dev: false
    engines:
      node: '>=10'
    resolution:
      integrity: sha512-bEszhvj9LcspaRz56mqGV7uc+vJTAYKCKPJcGb5X6U1qBysgTAgCexQXvKZ3BBjWu5S/TANP2NniOVsMWqKXcw==
  /@testing-library/jest-dom/5.11.4:
    dependencies:
      '@babel/runtime': 7.11.2
      '@types/testing-library__jest-dom': 5.9.2
      aria-query: 4.2.2
      chalk: 3.0.0
      css: 3.0.0
      css.escape: 1.5.1
      lodash: 4.17.20
      redent: 3.0.0
    dev: false
    engines:
      node: '>=8'
      npm: '>=6'
      yarn: '>=1'
    resolution:
      integrity: sha512-6RRn3epuweBODDIv3dAlWjOEHQLpGJHB2i912VS3JQtsD22+ENInhdDNl4ZZQiViLlIfFinkSET/J736ytV9sw==
  /@testing-library/react/10.4.8_react-dom@16.13.1+react@16.13.1:
    dependencies:
      '@babel/runtime': 7.11.2
      '@testing-library/dom': 7.22.1
      react: 16.13.1
      react-dom: 16.13.1_react@16.13.1
    dev: false
    engines:
      node: '>=10'
    peerDependencies:
      react: '*'
      react-dom: '*'
    resolution:
      integrity: sha512-clgpFR6QHiRRcdhFfAKDhH8UXpNASyfkkANhtCsCVBnai+O+mK1rGtMES+Apc7ql5Wyxu7j8dcLiC4pV5VblHA==
  /@types/aria-query/4.2.0:
    dev: false
    resolution:
      integrity: sha512-iIgQNzCm0v7QMhhe4Jjn9uRh+I6GoPmt03CbEtwx3ao8/EfoQcmgtqH4vQ5Db/lxiIGaWDv6nwvunuh0RyX0+A==
  /@types/classnames/2.2.10:
    dev: false
    resolution:
      integrity: sha512-1UzDldn9GfYYEsWWnn/P4wkTlkZDH7lDb0wBMGbtIQc9zXEQq7FlKBdZUn6OBqD8sKZZ2RQO2mAjGpXiDGoRmQ==
  /@types/color-name/1.1.1:
    resolution:
      integrity: sha512-rr+OQyAjxze7GgWrSaJwydHStIhHq2lvY3BOC2Mj7KnzI7XK0Uw1TOOdI9lDoajEbSWLiYgoo4f1R51erQfhPQ==
  /@types/history/4.7.7:
    dev: true
    resolution:
      integrity: sha512-2xtoL22/3Mv6a70i4+4RB7VgbDDORoWwjcqeNysojZA0R7NK17RbY5Gof/2QiFfJgX+KkWghbwJ+d/2SB8Ndzg==
  /@types/istanbul-lib-coverage/2.0.3:
    resolution:
      integrity: sha512-sz7iLqvVUg1gIedBOvlkxPlc8/uVzyS5OwGz1cKjXzkl3FpL3al0crU8YGU1WoHkxn0Wxbw5tyi6hvzJKNzFsw==
  /@types/istanbul-lib-report/3.0.0:
    dependencies:
      '@types/istanbul-lib-coverage': 2.0.3
    resolution:
      integrity: sha512-plGgXAPfVKFoYfa9NpYDAkseG+g6Jr294RqeqcqDixSbU34MZVJRi/P+7Y8GDpzkEwLaGZZOpKIEmeVZNtKsrg==
  /@types/istanbul-reports/1.1.2:
    dependencies:
      '@types/istanbul-lib-coverage': 2.0.3
      '@types/istanbul-lib-report': 3.0.0
    resolution:
      integrity: sha512-P/W9yOX/3oPZSpaYOCQzGqgCQRXn0FFO/V8bWrCQs+wLmvVVxk6CRBXALEvNs9OHIatlnlFokfhuDo2ug01ciw==
  /@types/jest/26.0.13:
    dependencies:
      jest-diff: 25.5.0
      pretty-format: 25.5.0
    resolution:
      integrity: sha512-sCzjKow4z9LILc6DhBvn5AkIfmQzDZkgtVVKmGwVrs5tuid38ws281D4l+7x1kP487+FlKDh5kfMZ8WSPAdmdA==
  /@types/prop-types/15.7.3:
    dev: true
    resolution:
      integrity: sha512-KfRL3PuHmqQLOG+2tGpRO26Ctg+Cq1E01D2DMriKEATHgWLfeNDmq9e29Q9WIky0dQ3NPkd1mzYH8Lm936Z9qw==
  /@types/react-router-dom/5.1.5:
    dependencies:
      '@types/history': 4.7.7
      '@types/react': 16.9.43
      '@types/react-router': 5.1.8
    dev: true
    resolution:
      integrity: sha512-ArBM4B1g3BWLGbaGvwBGO75GNFbLDUthrDojV2vHLih/Tq8M+tgvY1DSwkuNrPSwdp/GUL93WSEpTZs8nVyJLw==
  /@types/react-router/5.1.8:
    dependencies:
      '@types/history': 4.7.7
      '@types/react': 16.9.43
    dev: true
    resolution:
      integrity: sha512-HzOyJb+wFmyEhyfp4D4NYrumi+LQgQL/68HvJO+q6XtuHSDvw6Aqov7sCAhjbNq3bUPgPqbdvjXC5HeB2oEAPg==
  /@types/react/16.9.43:
    dependencies:
      '@types/prop-types': 15.7.3
      csstype: 2.6.13
    dev: true
    resolution:
      integrity: sha512-PxshAFcnJqIWYpJbLPriClH53Z2WlJcVZE+NP2etUtWQs2s7yIMj3/LDKZT/5CHJ/F62iyjVCDu2H3jHEXIxSg==
  /@types/testing-library__jest-dom/5.9.2:
    dependencies:
      '@types/jest': 26.0.13
    dev: false
    resolution:
      integrity: sha512-K7nUSpH/5i8i0NagTJ+uFUDRueDlnMNhJtMjMwTGPPSqyImbWC/hgKPDCKt6Phu2iMJg2kWqlax+Ucj2DKMwpA==
  /@types/yargs-parser/15.0.0:
    resolution:
      integrity: sha512-FA/BWv8t8ZWJ+gEOnLLd8ygxH/2UFbAvgEonyfN6yWGLKc7zVjbpl2Y4CTjid9h2RfgPP6SEt6uHwEOply00yw==
  /@types/yargs/15.0.5:
    dependencies:
      '@types/yargs-parser': 15.0.0
    resolution:
      integrity: sha512-Dk/IDOPtOgubt/IaevIUbTgV7doaKkoorvOyYM2CMwuDyP89bekI7H4xLIwunNYiK9jhCkmc6pUrJk3cj2AB9w==
  /ansi-regex/5.0.0:
    engines:
      node: '>=8'
    resolution:
      integrity: sha512-bY6fj56OUQ0hU1KjFNDQuJFezqKdrAyFdIevADiqrWHwSlbmBNMHp5ak2f40Pm8JTFyM2mqxkG6ngkHO11f/lg==
  /ansi-styles/4.2.1:
    dependencies:
      '@types/color-name': 1.1.1
      color-convert: 2.0.1
    engines:
      node: '>=8'
    resolution:
      integrity: sha512-9VGjrMsG1vePxcSweQsN20KY/c4zN0h9fLjqAbwbPfahM3t+NL+M9HC8xeXG2I8pX5NoamTGNuomEUFI7fcUjA==
  /aria-query/4.2.2:
    dependencies:
      '@babel/runtime': 7.11.2
      '@babel/runtime-corejs3': 7.11.2
    dev: false
    engines:
      node: '>=6.0'
    resolution:
      integrity: sha512-o/HelwhuKpTj/frsOsbNLNgnNGVIFsVP/SW2BSF14gVl7kAfMOJ6/8wUAUvG1R1NHKrfG+2sHZTu0yauT1qBrA==
  /atob/2.1.2:
    dev: false
    engines:
      node: '>= 4.5.0'
    hasBin: true
    resolution:
      integrity: sha512-Wm6ukoaOGJi/73p/cl2GvLjTI5JM1k/O14isD73YML8StrH/7/lRFgmg8nICZgD3bZZvjwCGxtMOD3wWNAu8cg==
  /chalk/3.0.0:
    dependencies:
      ansi-styles: 4.2.1
      supports-color: 7.2.0
    engines:
      node: '>=8'
    resolution:
      integrity: sha512-4D3B6Wf41KOYRFdszmDqMCGq5VV/uMAB273JILmO+3jAlh8X4qDtdtgCR3fxtbLEMzSx22QdhnDcJvu2u1fVwg==
  /character-entities-legacy/1.1.4:
    dev: false
    resolution:
      integrity: sha512-3Xnr+7ZFS1uxeiUDvV02wQ+QDbc55o97tIV5zHScSPJpcLm/r0DFPcoY3tYRp+VZukxuMeKgXYmsXQHO05zQeA==
  /character-entities/1.2.4:
    dev: false
    resolution:
      integrity: sha512-iBMyeEHxfVnIakwOuDXpVkc54HijNgCyQB2w0VfGQThle6NXn50zU6V/u+LDhxHcDUPojn6Kpga3PTAD8W1bQw==
  /character-reference-invalid/1.1.4:
    dev: false
    resolution:
      integrity: sha512-mKKUkUbhPpQlCOfIuZkvSEgktjPFIsZKRRbC6KWVEMvlzblj3i3asQv5ODsrwt0N3pHAEvjP8KTQPHkp0+6jOg==
  /classnames/2.2.6:
    dev: false
    resolution:
      integrity: sha512-JR/iSQOSt+LQIWwrwEzJ9uk0xfN3mTVYMwt1Ir5mUcSN6pU+V4zQFFaJsclJbPuAUQH+yfWef6tm7l1quW3C8Q==
  /clipboard/2.0.6:
    dependencies:
      good-listener: 1.2.2
      select: 1.1.2
      tiny-emitter: 2.1.0
    dev: false
    optional: true
    resolution:
      integrity: sha512-g5zbiixBRk/wyKakSwCKd7vQXDjFnAMGHoEyBogG/bw9kTD9GvdAvaoRR1ALcEzt3pVKxZR0pViekPMIS0QyGg==
  /color-convert/2.0.1:
    dependencies:
      color-name: 1.1.4
    engines:
      node: '>=7.0.0'
    resolution:
      integrity: sha512-RRECPsj7iu/xb5oKYcsFHSppFNnsj/52OVTRKb4zP5onXwVF3zVmmToNcOfGC+CRDpfK/U584fMg38ZHCaElKQ==
  /color-name/1.1.4:
    resolution:
      integrity: sha512-dOy+3AuW3a2wNbZHIuMZpTcgjGuLU/uBL/ubcZF9OXbDo8ff4O8yVp5Bf0efS8uEoYo5q4Fx7dY9OgQGXgAsQA==
  /comma-separated-tokens/1.0.8:
    dev: false
    resolution:
      integrity: sha512-GHuDRO12Sypu2cV70d1dkA2EUmXHgntrzbpvOB+Qy+49ypNfGgFQIC2fhhXbnyrJRynDCAARsT7Ou0M6hirpfw==
  /copy-to-clipboard/3.3.1:
    dependencies:
      toggle-selection: 1.0.6
    dev: false
    resolution:
      integrity: sha512-i13qo6kIHTTpCm8/Wup+0b1mVWETvu2kIMzKoK8FpkLkFxlt0znUAHcMzox+T8sPlqtZXq3CulEjQHsYiGFJUw==
  /core-js-pure/3.6.5:
    dev: false
    requiresBuild: true
    resolution:
      integrity: sha512-lacdXOimsiD0QyNf9BC/mxivNJ/ybBGJXQFKzRekp1WTHoVUWsUHEn+2T8GJAzzIhyOuXA+gOxCVN3l+5PLPUA==
  /css.escape/1.5.1:
    dev: false
    resolution:
      integrity: sha1-QuJ9T6BK4y+TGktNQZH6nN3ul8s=
  /css/3.0.0:
    dependencies:
      inherits: 2.0.4
      source-map: 0.6.1
      source-map-resolve: 0.6.0
    dev: false
    resolution:
      integrity: sha512-DG9pFfwOrzc+hawpmqX/dHYHJG+Bsdb0klhyi1sDneOgGOXy9wQIC8hzyVp1e4NRYDBdxcylvywPkkXCHAzTyQ==
  /csstype/2.6.13:
    dev: true
    resolution:
      integrity: sha512-ul26pfSQTZW8dcOnD2iiJssfXw0gdNVX9IJDH/X3K5DGPfj+fUYe3kB+swUY6BF3oZDxaID3AJt+9/ojSAE05A==
  /decode-uri-component/0.2.0:
    dev: false
    engines:
      node: '>=0.10'
    resolution:
      integrity: sha1-6zkTMzRYd1y4TNGh+uBiEGu4dUU=
  /delegate/3.2.0:
    dev: false
    optional: true
    resolution:
      integrity: sha512-IofjkYBZaZivn0V8nnsMJGBr4jVLxHDheKSW88PyxS5QC4Vo9ZbZVvhzlSxY87fVq3STR6r+4cGepyHkcWOQSw==
  /diff-sequences/25.2.6:
    engines:
      node: '>= 8.3'
    resolution:
      integrity: sha512-Hq8o7+6GaZeoFjtpgvRBUknSXNeJiCx7V9Fr94ZMljNiCr9n9L8H8aJqgWOQiDDGdyn29fRNcDdRVJ5fdyihfg==
  /dom-accessibility-api/0.5.0:
    dev: false
    resolution:
      integrity: sha512-eCVf9n4Ni5UQAFc2+fqfMPHdtiX7DA0rLakXgNBZfXNJzEbNo3MQIYd+zdYpFBqAaGYVrkd8leNSLGPrG4ODmA==
  /fault/1.0.4:
    dependencies:
      format: 0.2.2
    dev: false
    resolution:
      integrity: sha512-CJ0HCB5tL5fYTEA7ToAq5+kTwd++Borf1/bifxd9iT70QcXr4MRrO3Llf8Ifs70q+SJcGHFtnIE/Nw6giCtECA==
  /format/0.2.2:
    dev: false
    engines:
      node: '>=0.4.x'
    resolution:
      integrity: sha1-1hcBB+nv3E7TDJ3DkBbflCtctYs=
  /good-listener/1.2.2:
    dependencies:
      delegate: 3.2.0
    dev: false
    optional: true
    resolution:
      integrity: sha1-1TswzfkxPf+33JoNR3CWqm0UXFA=
  /has-flag/4.0.0:
    engines:
      node: '>=8'
    resolution:
      integrity: sha512-EykJT/Q1KjTWctppgIAgfSO0tKVuZUjhgMr17kqTumMl6Afv3EISleU7qZUzoXDFTAHTDC4NOoG/ZxU3EvlMPQ==
  /hast-util-parse-selector/2.2.4:
    dev: false
    resolution:
      integrity: sha512-gW3sxfynIvZApL4L07wryYF4+C9VvH3AUi7LAnVXV4MneGEgwOByXvFo18BgmTWnm7oHAe874jKbIB1YhHSIzA==
  /hastscript/5.1.2:
    dependencies:
      comma-separated-tokens: 1.0.8
      hast-util-parse-selector: 2.2.4
      property-information: 5.5.0
      space-separated-tokens: 1.1.5
    dev: false
    resolution:
      integrity: sha512-WlztFuK+Lrvi3EggsqOkQ52rKbxkXL3RwB6t5lwoa8QLMemoWfBuL43eDrwOamJyR7uKQKdmKYaBH1NZBiIRrQ==
  /highlight.js/10.1.2:
    dev: false
    resolution:
      integrity: sha512-Q39v/Mn5mfBlMff9r+zzA+gWxRsCRKwEMvYTiisLr/XUiFI/4puWt0Ojdko3R3JCNWGdOWaA5g/Yxqa23kC5AA==
  /indent-string/4.0.0:
    dev: false
    engines:
      node: '>=8'
    resolution:
      integrity: sha512-EdDDZu4A2OyIK7Lr/2zG+w5jmbuk1DVBnEwREQvBzspBJkCEbRa8GxU1lghYcaGJCnRWibjDXlq779X1/y5xwg==
  /inherits/2.0.4:
    dev: false
    resolution:
      integrity: sha512-k/vGaX4/Yla3WzyMCvTQOXYeIHvqOKtnqBduzTHpzpQZzAskKMhZ2K+EnBiSM9zGSoIFeMpXKxa4dYeZIQqewQ==
  /is-alphabetical/1.0.4:
    dev: false
    resolution:
      integrity: sha512-DwzsA04LQ10FHTZuL0/grVDk4rFoVH1pjAToYwBrHSxcrBIGQuXrQMtD5U1b0U2XVgKZCTLLP8u2Qxqhy3l2Vg==
  /is-alphanumerical/1.0.4:
    dependencies:
      is-alphabetical: 1.0.4
      is-decimal: 1.0.4
    dev: false
    resolution:
      integrity: sha512-UzoZUr+XfVz3t3v4KyGEniVL9BDRoQtY7tOyrRybkVNjDFWyo1yhXNGrrBTQxp3ib9BLAWs7k2YKBQsFRkZG9A==
  /is-decimal/1.0.4:
    dev: false
    resolution:
      integrity: sha512-RGdriMmQQvZ2aqaQq3awNA6dCGtKpiDFcOzrTWrDAT2MiWrKQVPmxLGHl7Y2nNu6led0kEyoX0enY0qXYsv9zw==
  /is-hexadecimal/1.0.4:
    dev: false
    resolution:
      integrity: sha512-gyPJuv83bHMpocVYoqof5VDiZveEoGoFL8m3BXNb2VW8Xs+rz9kqO8LOQ5DH6EsuvilT1ApazU0pyl+ytbPtlw==
  /jest-diff/25.5.0:
    dependencies:
      chalk: 3.0.0
      diff-sequences: 25.2.6
      jest-get-type: 25.2.6
      pretty-format: 25.5.0
    engines:
      node: '>= 8.3'
    resolution:
      integrity: sha512-z1kygetuPiREYdNIumRpAHY6RXiGmp70YHptjdaxTWGmA085W3iCnXNx0DhflK3vwrKmrRWyY1wUpkPMVxMK7A==
  /jest-get-type/25.2.6:
    engines:
      node: '>= 8.3'
    resolution:
      integrity: sha512-DxjtyzOHjObRM+sM1knti6or+eOgcGU4xVSb2HNP1TqO4ahsT+rqZg+nyqHWJSvWgKC5cG3QjGFBqxLghiF/Ig==
  /js-tokens/4.0.0:
    dev: false
    resolution:
      integrity: sha512-RdJUflcE3cUzKiMqQgsCu06FPu9UdIJO0beYbPhHN4k6apgJtifcoCtT9bcxOpYBtpD2kCM6Sbzg4CausW/PKQ==
  /lodash/4.17.20:
    dev: false
    resolution:
      integrity: sha512-PlhdFcillOINfeV7Ni6oF1TAEayyZBoZ8bcshTHqOYJYlrqzRK5hagpagky5o4HfCzzd1TRkXPMFq6cKk9rGmA==
  /loose-envify/1.4.0:
    dependencies:
      js-tokens: 4.0.0
    dev: false
    hasBin: true
    resolution:
      integrity: sha512-lyuxPGr/Wfhrlem2CL/UcnUc1zcqKAImBDzukY7Y5F/yQiNdko6+fRLevlw1HgMySw7f611UIY408EtxRSoK3Q==
  /lowlight/1.14.0:
    dependencies:
      fault: 1.0.4
      highlight.js: 10.1.2
    dev: false
    resolution:
      integrity: sha512-N2E7zTM7r1CwbzwspPxJvmjAbxljCPThTFawEX2Z7+P3NGrrvY54u8kyU16IY4qWfoVIxY8SYCS8jTkuG7TqYA==
  /min-indent/1.0.1:
    dev: false
    engines:
      node: '>=4'
    resolution:
      integrity: sha512-I9jwMn07Sy/IwOj3zVkVik2JTvgpaykDZEigL6Rx6N9LbMywwUSMtxET+7lVoDLLd3O3IXwJwvuuns8UB/HeAg==
  /object-assign/4.1.1:
    dev: false
    engines:
      node: '>=0.10.0'
    resolution:
      integrity: sha1-IQmtx5ZYh8/AXLvUQsrIv7s2CGM=
  /parse-entities/2.0.0:
    dependencies:
      character-entities: 1.2.4
      character-entities-legacy: 1.1.4
      character-reference-invalid: 1.1.4
      is-alphanumerical: 1.0.4
      is-decimal: 1.0.4
      is-hexadecimal: 1.0.4
    dev: false
    resolution:
      integrity: sha512-kkywGpCcRYhqQIchaWqZ875wzpS/bMKhz5HnN3p7wveJTkTtyAB/AlnS0f8DFSqYW1T82t6yEAkEcB+A1I3MbQ==
  /pretty-format/25.5.0:
    dependencies:
      '@jest/types': 25.5.0
      ansi-regex: 5.0.0
      ansi-styles: 4.2.1
      react-is: 16.13.1
    engines:
      node: '>= 8.3'
    resolution:
      integrity: sha512-kbo/kq2LQ/A/is0PQwsEHM7Ca6//bGPPvU6UnsdDRSKTWxT/ru/xb88v4BJf6a69H+uTytOEsTusT9ksd/1iWQ==
  /prismjs/1.21.0:
    dev: false
    optionalDependencies:
      clipboard: 2.0.6
    resolution:
      integrity: sha512-uGdSIu1nk3kej2iZsLyDoJ7e9bnPzIgY0naW/HdknGj61zScaprVEVGHrPoXqI+M9sP0NDnTK2jpkvmldpuqDw==
  /prop-types/15.7.2:
    dependencies:
      loose-envify: 1.4.0
      object-assign: 4.1.1
      react-is: 16.13.1
    dev: false
    resolution:
      integrity: sha512-8QQikdH7//R2vurIJSutZ1smHYTcLpRWEOlHnzcWHmBYrOGUysKwSsrC89BCiFj3CbrfJ/nXFdJepOVrY1GCHQ==
  /property-information/5.5.0:
    dependencies:
      xtend: 4.0.2
    dev: false
    resolution:
      integrity: sha512-RgEbCx2HLa1chNgvChcx+rrCWD0ctBmGSE0M7lVm1yyv4UbvbrWoXp/BkVLZefzjrRBGW8/Js6uh/BnlHXFyjA==
  /react-dom/16.13.1_react@16.13.1:
    dependencies:
      loose-envify: 1.4.0
      object-assign: 4.1.1
      prop-types: 15.7.2
      react: 16.13.1
      scheduler: 0.19.1
    dev: false
    peerDependencies:
      react: ^16.13.1
    resolution:
      integrity: sha512-81PIMmVLnCNLO/fFOQxdQkvEq/+Hfpv24XNJfpyZhTRfO0QcmQIF/PgCa1zCOj2w1hrn12MFLyaJ/G0+Mxtfag==
  /react-is/16.13.1:
    resolution:
      integrity: sha512-24e6ynE2H+OKt4kqsOvNd8kBpV65zoxbA4BVsEOB3ARVWQki/DHzaUoC5KuON/BiccDaCCTZBuOcfZs70kR8bQ==
  /react-syntax-highlighter/13.5.3_react@16.13.1:
    dependencies:
      '@babel/runtime': 7.11.2
      highlight.js: 10.1.2
      lowlight: 1.14.0
      prismjs: 1.21.0
      react: 16.13.1
      refractor: 3.1.0
    dev: false
    peerDependencies:
      react: '>= 0.14.0'
    resolution:
      integrity: sha512-crPaF+QGPeHNIblxxCdf2Lg936NAHKhNhuMzRL3F9ct6aYXL3NcZtCL0Rms9+qVo6Y1EQLdXGypBNSbPL/r+qg==
  /react/16.13.1:
    dependencies:
      loose-envify: 1.4.0
      object-assign: 4.1.1
      prop-types: 15.7.2
    dev: false
    engines:
      node: '>=0.10.0'
    resolution:
      integrity: sha512-YMZQQq32xHLX0bz5Mnibv1/LHb3Sqzngu7xstSM+vrkE5Kzr9xE0yMByK5kMoTK30YVJE61WfbxIFFvfeDKT1w==
  /redent/3.0.0:
    dependencies:
      indent-string: 4.0.0
      strip-indent: 3.0.0
    dev: false
    engines:
      node: '>=8'
    resolution:
      integrity: sha512-6tDA8g98We0zd0GvVeMT9arEOnTw9qM03L9cJXaCjrip1OO764RDBLBfrB4cwzNGDj5OA5ioymC9GkizgWJDUg==
  /refractor/3.1.0:
    dependencies:
      hastscript: 5.1.2
      parse-entities: 2.0.0
      prismjs: 1.21.0
    dev: false
    resolution:
      integrity: sha512-bN8GvY6hpeXfC4SzWmYNQGLLF2ZakRDNBkgCL0vvl5hnpMrnyURk8Mv61v6pzn4/RBHzSWLp44SzMmVHqMGNww==
  /regenerator-runtime/0.13.7:
    dev: false
    resolution:
      integrity: sha512-a54FxoJDIr27pgf7IgeQGxmqUNYrcV338lf/6gH456HZ/PhX+5BcwHXG9ajESmwe6WRO0tAzRUrRmNONWgkrew==
  /reset-css/5.0.1:
    dev: false
    resolution:
      integrity: sha512-VyuJdNFfp5x/W6e5wauJM59C02Vs0P22sxzZGhQMPaqu/NGTeFxlBFOOw3eq9vQd19gIDdZp7zi89ylyKOJ33Q==
  /scheduler/0.19.1:
    dependencies:
      loose-envify: 1.4.0
      object-assign: 4.1.1
    dev: false
    resolution:
      integrity: sha512-n/zwRWRYSUj0/3g/otKDRPMh6qv2SYMWNq85IEa8iZyAv8od9zDYpGSnpBEjNgcMNq6Scbu5KfIPxNF72R/2EA==
  /select/1.1.2:
    dev: false
    optional: true
    resolution:
      integrity: sha1-DnNQrN7ICxEIUoeG7B1EGNEbOW0=
  /source-map-resolve/0.6.0:
    dependencies:
      atob: 2.1.2
      decode-uri-component: 0.2.0
    dev: false
    resolution:
      integrity: sha512-KXBr9d/fO/bWo97NXsPIAW1bFSBOuCnjbNTBMO7N59hsv5i9yzRDfcYwwt0l04+VqnKC+EwzvJZIP/qkuMgR/w==
  /source-map/0.6.1:
    dev: false
    engines:
      node: '>=0.10.0'
    resolution:
      integrity: sha512-UjgapumWlbMhkBgzT7Ykc5YXUT46F0iKu8SGXq0bcwP5dz/h0Plj6enJqjz1Zbq2l5WaqYnrVbwWOWMyF3F47g==
  /space-separated-tokens/1.1.5:
    dev: false
    resolution:
      integrity: sha512-q/JSVd1Lptzhf5bkYm4ob4iWPjx0KiRe3sRFBNrVqbJkFaBm5vbbowy1mymoPNLRa52+oadOhJ+K49wsSeSjTA==
  /strip-indent/3.0.0:
    dependencies:
      min-indent: 1.0.1
    dev: false
    engines:
      node: '>=8'
    resolution:
      integrity: sha512-laJTa3Jb+VQpaC6DseHhF7dXVqHTfJPCRDaEbid/drOhgitgYku/letMUqOXFoWV0zIIUbjpdH2t+tYj4bQMRQ==
  /supports-color/7.2.0:
    dependencies:
      has-flag: 4.0.0
    engines:
      node: '>=8'
    resolution:
      integrity: sha512-qpCAvRl9stuOHveKsn7HncJRvv501qIacKzQlO/+Lwxc9+0q2wLyv4Dfvt80/DPn2pqOBsJdDiogXGR9+OvwRw==
  /tiny-emitter/2.1.0:
    dev: false
    optional: true
    resolution:
      integrity: sha512-NB6Dk1A9xgQPMoGqC5CVXn123gWyte215ONT5Pp5a0yt4nlEoO1ZWeCwpncaekPHXO60i47ihFnZPiRPjRMq4Q==
  /toggle-selection/1.0.6:
    dev: false
    resolution:
      integrity: sha1-bkWxJj8gF/oKzH2J14sVuL932jI=
  /xtend/4.0.2:
    dev: false
    engines:
      node: '>=0.4'
    resolution:
      integrity: sha512-LKYU1iAXJXUgAXn9URjiu+MWhyUXHsvfp7mcuYm9dSUKK0/CjtrUwFAxD82/mCWbtLsGjFIad0wIsod4zrTAEQ==
